Microsoft Visual Studio Solution File, Format Version 10.00
# Visual Studio 2008
Project("{FAE04EC0-301F-11D3-BF4B-00C04F79EFBC}") = "Recorder", "Source\Recorder.csproj", "{67FDDCB4-FABC-4273-B8DD-25EA930D0ADF}"
EndProject
Project("{FAE04EC0-301F-11D3-BF4B-00C04F79EFBC}") = "White.Recorder.Tests", "Tests\White.Recorder.Tests.csproj", "{910CC90B-31CD-4A13-8EAC-9B197395EE6E}"
EndProject
Global
	GlobalSection(SolutionConfigurationPlatforms) = preSolution
		Debug|Any CPU = Debug|Any CPU
		Release|Any CPU = Release|Any CPU
	EndGlobalSection
	GlobalSection(ProjectConfigurationPlatforms) = postSolution
		{67FDDCB4-FABC-4273-B8DD-25EA930D0ADF}.Debug|Any CPU.ActiveCfg = Debug|Any CPU
		{67FDDCB4-FABC-4273-B8DD-25EA930D0ADF}.Debug|Any CPU.Build.0 = Debug|Any CPU
		{67FDDCB4-FABC-4273-B8DD-25EA930D0ADF}.Release|Any CPU.ActiveCfg = Release|Any CPU
		{67FDDCB4-FABC-4273-B8DD-25EA930D0ADF}.Release|Any CPU.Build.0 = Release|Any CPU
		{910CC90B-31CD-4A13-8EAC-9B197395EE6E}.Debug|Any CPU.ActiveCfg = Debug|Any CPU
		{910CC90B-31CD-4A13-8EAC-9B197395EE6E}.Debug|Any CPU.Build.0 = Debug|Any CPU
		{910CC90B-31CD-4A13-8EAC-9B197395EE6E}.Release|Any CPU.ActiveCfg = Release|Any CPU
		{910CC90B-31CD-4A13-8EAC-9B197395EE6E}.Release|Any CPU.Build.0 = Release|Any CPU
	EndGlobalSection
	GlobalSection(SolutionProperties) = preSolution
		HideSolutionNode = FALSE
	EndGlobalSection
EndGlobal
