Microsoft Visual Studio Solution File, Format Version 10.00
# Visual Studio 2008
Project("{2150E333-8FDC-42A3-9474-1A3956D46DE8}") = "Solution Items", "Solution Items", "{1BCBA4C4-8C47-496C-B0D4-FDE9D066ED27}"
	ProjectSection(SolutionItems) = preProject
		a.log = a.log
		b.bat = b.bat
		b.log = b.log
		build-output.txt = build-output.txt
		custom-nant.build = custom-nant.build
		macrodefs.build = macrodefs.build
		Override.config = Override.config
		w.bat = w.bat
		white.build = white.build
	EndProjectSection
EndProject
Project("{FAE04EC0-301F-11D3-BF4B-00C04F79EFBC}") = "TestSilverlightApplication", "TestApplications\Silverlight\TestSilverlightApplication\TestSilverlightApplication.csproj", "{6907DB9C-D2B5-4A05-B0CE-77463754E890}"
EndProject
Project("{FAE04EC0-301F-11D3-BF4B-00C04F79EFBC}") = "TestSilverlightApplication.Web", "TestApplications\Silverlight\TestSilverlightApplication.Web\TestSilverlightApplication.Web.csproj", "{0B5429E3-1418-4C0F-B290-AFFE3B1FC88F}"
EndProject
Project("{FAE04EC0-301F-11D3-BF4B-00C04F79EFBC}") = "Core", "Components\Core\Source\Core.csproj", "{12C59CE2-9CF7-44F4-B27C-90754609F979}"
EndProject
Project("{FAE04EC0-301F-11D3-BF4B-00C04F79EFBC}") = "White.Core.UnitTests", "Components\Core\Tests\Unit\White.Core.UnitTests.csproj", "{7C7960B2-905D-409A-8068-B010A35BA151}"
EndProject
Project("{FAE04EC0-301F-11D3-BF4B-00C04F79EFBC}") = "CustomCommands.Framework.Silverlight", "Components\CustomCommands\Framework\CustomCommands.Framework.Silverlight.csproj", "{11FBB4B6-E269-43E4-A335-F0AD1F848493}"
EndProject
Project("{FAE04EC0-301F-11D3-BF4B-00C04F79EFBC}") = "CustomCommands.Framework.WPF", "Components\CustomCommands\Framework\CustomCommands.Framework.WPF.csproj", "{81A680B4-21B8-4AF4-8D6E-795376E6F855}"
EndProject
Project("{FAE04EC0-301F-11D3-BF4B-00C04F79EFBC}") = "CustomCommands.UnitTests", "Components\CustomCommands\Tests\CustomCommands.UnitTests\CustomCommands.UnitTests.csproj", "{BEA9E881-AABD-4A59-B045-DE39BA3E21C3}"
EndProject
Project("{FAE04EC0-301F-11D3-BF4B-00C04F79EFBC}") = "CustomCommands.WPFTests", "Components\CustomCommands\Tests\CustomCommands.WPFTests\CustomCommands.WPFTests.csproj", "{1F954832-7AE6-4C22-AE05-1354C3BEB1A5}"
EndProject
Project("{FAE04EC0-301F-11D3-BF4B-00C04F79EFBC}") = "CustomCommands.SilverlightTests", "Components\CustomCommands\Tests\CustomCommands.SilverlightTests\CustomCommands.SilverlightTests.csproj", "{196A0B37-0824-4B54-A2A3-87D98B02CFA6}"
EndProject
Project("{FAE04EC0-301F-11D3-BF4B-00C04F79EFBC}") = "CustomControls", "Components\CustomControls\Source\CustomControls\CustomControls.csproj", "{8513D286-87D2-459D-A713-2E583FB797F8}"
EndProject
Project("{FAE04EC0-301F-11D3-BF4B-00C04F79EFBC}") = "CustomControls.Silverlight", "Components\CustomControls\Source\CustomControls\CustomControls.Silverlight.csproj", "{683DEA2B-BE16-4643-B7E7-9AFF595B60C3}"
EndProject
Project("{FAE04EC0-301F-11D3-BF4B-00C04F79EFBC}") = "CustomControlPeers", "Components\CustomControls\Source\CustomControlPeers\CustomControlPeers.csproj", "{E73299E0-35A0-4923-B0DD-93B6744EE75E}"
EndProject
Project("{FAE04EC0-301F-11D3-BF4B-00C04F79EFBC}") = "CustomControlPeers.Silverlight", "Components\CustomControls\Source\CustomControlPeers\CustomControlPeers.Silverlight.csproj", "{ED8E108C-4469-4D07-B60F-436178EB5E2C}"
EndProject
Project("{FAE04EC0-301F-11D3-BF4B-00C04F79EFBC}") = "White.CustomControls.Tests", "Components\CustomControls\Tests\White.CustomControls.Tests.csproj", "{9F509E89-5158-4095-B3D8-53FE00027363}"
EndProject
Project("{FAE04EC0-301F-11D3-BF4B-00C04F79EFBC}") = "Recorder", "Components\Recorder\Source\Recorder.csproj", "{67FDDCB4-FABC-4273-B8DD-25EA930D0ADF}"
EndProject
Project("{FAE04EC0-301F-11D3-BF4B-00C04F79EFBC}") = "White.Recorder.Tests", "Components\Recorder\Tests\White.Recorder.Tests.csproj", "{910CC90B-31CD-4A13-8EAC-9B197395EE6E}"
EndProject
Project("{FAE04EC0-301F-11D3-BF4B-00C04F79EFBC}") = "Reporting", "Components\Reporting\Source\Reporting.csproj", "{19FC2A6E-1C39-4DB8-AABF-A234FD6BC3FE}"
EndProject
Project("{FAE04EC0-301F-11D3-BF4B-00C04F79EFBC}") = "White.Reporting.Tests", "Components\Reporting\Tests\White.Reporting.Tests.csproj", "{2C48DDD5-11AD-4959-AA76-8D1D90484CD2}"
EndProject
Project("{FAE04EC0-301F-11D3-BF4B-00C04F79EFBC}") = "Repository", "Components\Repository\Source\Repository.csproj", "{FCD3E92F-FEE9-414D-A460-09F7F685B83E}"
EndProject
Project("{FAE04EC0-301F-11D3-BF4B-00C04F79EFBC}") = "White.Repository.Tests", "Components\Repository\Tests\White.Repository.Tests.csproj", "{CE81A52D-B39E-42C0-8B54-C67CF294B3FB}"
EndProject
Project("{FAE04EC0-301F-11D3-BF4B-00C04F79EFBC}") = "WebBrowser", "Components\WebBrowser\Source\WebBrowser.csproj", "{31F10CBC-B77C-4B58-8706-E8800FFC1D20}"
EndProject
Project("{FAE04EC0-301F-11D3-BF4B-00C04F79EFBC}") = "White.WebBrowser.Tests", "Components\WebBrowser\Tests\White.WebBrowser.Tests.csproj", "{FF4C5653-D6B8-4E17-82B1-E23D52F1C49F}"
EndProject
Project("{FAE04EC0-301F-11D3-BF4B-00C04F79EFBC}") = "White.NUnit", "Components\White.NUnit\Source\White.NUnit.csproj", "{0CD3A7F2-1FC8-4F02-AD66-2A3F95B1C546}"
EndProject
Global
	GlobalSection(SolutionConfigurationPlatforms) = preSolution
		AutomatedDebug|.NET = AutomatedDebug|.NET
		AutomatedDebug|Any CPU = AutomatedDebug|Any CPU
		AutomatedDebug|Mixed Platforms = AutomatedDebug|Mixed Platforms
		AutomatedDebug|Win32 = AutomatedDebug|Win32
		Debug|.NET = Debug|.NET
		Debug|Any CPU = Debug|Any CPU
		Debug|Mixed Platforms = Debug|Mixed Platforms
		Debug|Win32 = Debug|Win32
		Release|.NET = Release|.NET
		Release|Any CPU = Release|Any CPU
		Release|Mixed Platforms = Release|Mixed Platforms
		Release|Win32 = Release|Win32
	EndGlobalSection
	GlobalSection(ProjectConfigurationPlatforms) = postSolution
		{6907DB9C-D2B5-4A05-B0CE-77463754E890}.AutomatedDebug|.NET.ActiveCfg = Debug|Any CPU
		{6907DB9C-D2B5-4A05-B0CE-77463754E890}.AutomatedDebug|Any CPU.ActiveCfg = Debug|Any CPU
		{6907DB9C-D2B5-4A05-B0CE-77463754E890}.AutomatedDebug|Any CPU.Build.0 = Debug|Any CPU
		{6907DB9C-D2B5-4A05-B0CE-77463754E890}.AutomatedDebug|Mixed Platforms.ActiveCfg = Debug|Any CPU
		{6907DB9C-D2B5-4A05-B0CE-77463754E890}.AutomatedDebug|Mixed Platforms.Build.0 = Debug|Any CPU
		{6907DB9C-D2B5-4A05-B0CE-77463754E890}.AutomatedDebug|Win32.ActiveCfg = Debug|Any CPU
		{6907DB9C-D2B5-4A05-B0CE-77463754E890}.Debug|.NET.ActiveCfg = Debug|Any CPU
		{6907DB9C-D2B5-4A05-B0CE-77463754E890}.Debug|Any CPU.ActiveCfg = Debug|Any CPU
		{6907DB9C-D2B5-4A05-B0CE-77463754E890}.Debug|Any CPU.Build.0 = Debug|Any CPU
		{6907DB9C-D2B5-4A05-B0CE-77463754E890}.Debug|Mixed Platforms.ActiveCfg = Debug|Any CPU
		{6907DB9C-D2B5-4A05-B0CE-77463754E890}.Debug|Mixed Platforms.Build.0 = Debug|Any CPU
		{6907DB9C-D2B5-4A05-B0CE-77463754E890}.Debug|Win32.ActiveCfg = Debug|Any CPU
		{6907DB9C-D2B5-4A05-B0CE-77463754E890}.Release|.NET.ActiveCfg = Release|Any CPU
		{6907DB9C-D2B5-4A05-B0CE-77463754E890}.Release|Any CPU.ActiveCfg = Release|Any CPU
		{6907DB9C-D2B5-4A05-B0CE-77463754E890}.Release|Any CPU.Build.0 = Release|Any CPU
		{6907DB9C-D2B5-4A05-B0CE-77463754E890}.Release|Mixed Platforms.ActiveCfg = Release|Any CPU
		{6907DB9C-D2B5-4A05-B0CE-77463754E890}.Release|Mixed Platforms.Build.0 = Release|Any CPU
		{6907DB9C-D2B5-4A05-B0CE-77463754E890}.Release|Win32.ActiveCfg = Release|Any CPU
		{0B5429E3-1418-4C0F-B290-AFFE3B1FC88F}.AutomatedDebug|.NET.ActiveCfg = Debug|Any CPU
		{0B5429E3-1418-4C0F-B290-AFFE3B1FC88F}.AutomatedDebug|Any CPU.ActiveCfg = Debug|Any CPU
		{0B5429E3-1418-4C0F-B290-AFFE3B1FC88F}.AutomatedDebug|Any CPU.Build.0 = Debug|Any CPU
		{0B5429E3-1418-4C0F-B290-AFFE3B1FC88F}.AutomatedDebug|Mixed Platforms.ActiveCfg = Debug|Any CPU
		{0B5429E3-1418-4C0F-B290-AFFE3B1FC88F}.AutomatedDebug|Mixed Platforms.Build.0 = Debug|Any CPU
		{0B5429E3-1418-4C0F-B290-AFFE3B1FC88F}.AutomatedDebug|Win32.ActiveCfg = Debug|Any CPU
		{0B5429E3-1418-4C0F-B290-AFFE3B1FC88F}.Debug|.NET.ActiveCfg = Debug|Any CPU
		{0B5429E3-1418-4C0F-B290-AFFE3B1FC88F}.Debug|Any CPU.ActiveCfg = Debug|Any CPU
		{0B5429E3-1418-4C0F-B290-AFFE3B1FC88F}.Debug|Any CPU.Build.0 = Debug|Any CPU
		{0B5429E3-1418-4C0F-B290-AFFE3B1FC88F}.Debug|Mixed Platforms.ActiveCfg = Debug|Any CPU
		{0B5429E3-1418-4C0F-B290-AFFE3B1FC88F}.Debug|Mixed Platforms.Build.0 = Debug|Any CPU
		{0B5429E3-1418-4C0F-B290-AFFE3B1FC88F}.Debug|Win32.ActiveCfg = Debug|Any CPU
		{0B5429E3-1418-4C0F-B290-AFFE3B1FC88F}.Release|.NET.ActiveCfg = Release|Any CPU
		{0B5429E3-1418-4C0F-B290-AFFE3B1FC88F}.Release|Any CPU.ActiveCfg = Release|Any CPU
		{0B5429E3-1418-4C0F-B290-AFFE3B1FC88F}.Release|Any CPU.Build.0 = Release|Any CPU
		{0B5429E3-1418-4C0F-B290-AFFE3B1FC88F}.Release|Mixed Platforms.ActiveCfg = Release|Any CPU
		{0B5429E3-1418-4C0F-B290-AFFE3B1FC88F}.Release|Mixed Platforms.Build.0 = Release|Any CPU
		{0B5429E3-1418-4C0F-B290-AFFE3B1FC88F}.Release|Win32.ActiveCfg = Release|Any CPU
		{12C59CE2-9CF7-44F4-B27C-90754609F979}.AutomatedDebug|.NET.ActiveCfg = Debug|Any CPU
		{12C59CE2-9CF7-44F4-B27C-90754609F979}.AutomatedDebug|Any CPU.ActiveCfg = Debug|Any CPU
		{12C59CE2-9CF7-44F4-B27C-90754609F979}.AutomatedDebug|Any CPU.Build.0 = Debug|Any CPU
		{12C59CE2-9CF7-44F4-B27C-90754609F979}.AutomatedDebug|Mixed Platforms.ActiveCfg = Debug|Any CPU
		{12C59CE2-9CF7-44F4-B27C-90754609F979}.AutomatedDebug|Mixed Platforms.Build.0 = Debug|Any CPU
		{12C59CE2-9CF7-44F4-B27C-90754609F979}.AutomatedDebug|Win32.ActiveCfg = Debug|Any CPU
		{12C59CE2-9CF7-44F4-B27C-90754609F979}.Debug|.NET.ActiveCfg = Debug|Any CPU
		{12C59CE2-9CF7-44F4-B27C-90754609F979}.Debug|Any CPU.ActiveCfg = Debug|Any CPU
		{12C59CE2-9CF7-44F4-B27C-90754609F979}.Debug|Any CPU.Build.0 = Debug|Any CPU
		{12C59CE2-9CF7-44F4-B27C-90754609F979}.Debug|Mixed Platforms.ActiveCfg = Debug|Any CPU
		{12C59CE2-9CF7-44F4-B27C-90754609F979}.Debug|Mixed Platforms.Build.0 = Debug|Any CPU
		{12C59CE2-9CF7-44F4-B27C-90754609F979}.Debug|Win32.ActiveCfg = Debug|Any CPU
		{12C59CE2-9CF7-44F4-B27C-90754609F979}.Release|.NET.ActiveCfg = Release|Any CPU
		{12C59CE2-9CF7-44F4-B27C-90754609F979}.Release|Any CPU.ActiveCfg = Release|Any CPU
		{12C59CE2-9CF7-44F4-B27C-90754609F979}.Release|Any CPU.Build.0 = Release|Any CPU
		{12C59CE2-9CF7-44F4-B27C-90754609F979}.Release|Mixed Platforms.ActiveCfg = Release|Any CPU
		{12C59CE2-9CF7-44F4-B27C-90754609F979}.Release|Mixed Platforms.Build.0 = Release|Any CPU
		{12C59CE2-9CF7-44F4-B27C-90754609F979}.Release|Win32.ActiveCfg = Release|Any CPU
		{7C7960B2-905D-409A-8068-B010A35BA151}.AutomatedDebug|.NET.ActiveCfg = Debug|Any CPU
		{7C7960B2-905D-409A-8068-B010A35BA151}.AutomatedDebug|Any CPU.ActiveCfg = Debug|Any CPU
		{7C7960B2-905D-409A-8068-B010A35BA151}.AutomatedDebug|Any CPU.Build.0 = Debug|Any CPU
		{7C7960B2-905D-409A-8068-B010A35BA151}.AutomatedDebug|Mixed Platforms.ActiveCfg = Debug|Any CPU
		{7C7960B2-905D-409A-8068-B010A35BA151}.AutomatedDebug|Mixed Platforms.Build.0 = Debug|Any CPU
		{7C7960B2-905D-409A-8068-B010A35BA151}.AutomatedDebug|Win32.ActiveCfg = Debug|Any CPU
		{7C7960B2-905D-409A-8068-B010A35BA151}.Debug|.NET.ActiveCfg = Debug|Any CPU
		{7C7960B2-905D-409A-8068-B010A35BA151}.Debug|Any CPU.ActiveCfg = Debug|Any CPU
		{7C7960B2-905D-409A-8068-B010A35BA151}.Debug|Any CPU.Build.0 = Debug|Any CPU
		{7C7960B2-905D-409A-8068-B010A35BA151}.Debug|Mixed Platforms.ActiveCfg = Debug|Any CPU
		{7C7960B2-905D-409A-8068-B010A35BA151}.Debug|Mixed Platforms.Build.0 = Debug|Any CPU
		{7C7960B2-905D-409A-8068-B010A35BA151}.Debug|Win32.ActiveCfg = Debug|Any CPU
		{7C7960B2-905D-409A-8068-B010A35BA151}.Release|.NET.ActiveCfg = Release|Any CPU
		{7C7960B2-905D-409A-8068-B010A35BA151}.Release|Any CPU.ActiveCfg = Release|Any CPU
		{7C7960B2-905D-409A-8068-B010A35BA151}.Release|Any CPU.Build.0 = Release|Any CPU
		{7C7960B2-905D-409A-8068-B010A35BA151}.Release|Mixed Platforms.ActiveCfg = Release|Any CPU
		{7C7960B2-905D-409A-8068-B010A35BA151}.Release|Mixed Platforms.Build.0 = Release|Any CPU
		{7C7960B2-905D-409A-8068-B010A35BA151}.Release|Win32.ActiveCfg = Release|Any CPU
		{11FBB4B6-E269-43E4-A335-F0AD1F848493}.AutomatedDebug|.NET.ActiveCfg = Debug|Any CPU
		{11FBB4B6-E269-43E4-A335-F0AD1F848493}.AutomatedDebug|Any CPU.ActiveCfg = Debug|Any CPU
		{11FBB4B6-E269-43E4-A335-F0AD1F848493}.AutomatedDebug|Any CPU.Build.0 = Debug|Any CPU
		{11FBB4B6-E269-43E4-A335-F0AD1F848493}.AutomatedDebug|Mixed Platforms.ActiveCfg = Debug|Any CPU
		{11FBB4B6-E269-43E4-A335-F0AD1F848493}.AutomatedDebug|Mixed Platforms.Build.0 = Debug|Any CPU
		{11FBB4B6-E269-43E4-A335-F0AD1F848493}.AutomatedDebug|Win32.ActiveCfg = Debug|Any CPU
		{11FBB4B6-E269-43E4-A335-F0AD1F848493}.Debug|.NET.ActiveCfg = Debug|Any CPU
		{11FBB4B6-E269-43E4-A335-F0AD1F848493}.Debug|Any CPU.ActiveCfg = Debug|Any CPU
		{11FBB4B6-E269-43E4-A335-F0AD1F848493}.Debug|Any CPU.Build.0 = Debug|Any CPU
		{11FBB4B6-E269-43E4-A335-F0AD1F848493}.Debug|Mixed Platforms.ActiveCfg = Debug|Any CPU
		{11FBB4B6-E269-43E4-A335-F0AD1F848493}.Debug|Mixed Platforms.Build.0 = Debug|Any CPU
		{11FBB4B6-E269-43E4-A335-F0AD1F848493}.Debug|Win32.ActiveCfg = Debug|Any CPU
		{11FBB4B6-E269-43E4-A335-F0AD1F848493}.Release|.NET.ActiveCfg = Release|Any CPU
		{11FBB4B6-E269-43E4-A335-F0AD1F848493}.Release|Any CPU.ActiveCfg = Release|Any CPU
		{11FBB4B6-E269-43E4-A335-F0AD1F848493}.Release|Any CPU.Build.0 = Release|Any CPU
		{11FBB4B6-E269-43E4-A335-F0AD1F848493}.Release|Mixed Platforms.ActiveCfg = Release|Any CPU
		{11FBB4B6-E269-43E4-A335-F0AD1F848493}.Release|Mixed Platforms.Build.0 = Release|Any CPU
		{11FBB4B6-E269-43E4-A335-F0AD1F848493}.Release|Win32.ActiveCfg = Release|Any CPU
		{81A680B4-21B8-4AF4-8D6E-795376E6F855}.AutomatedDebug|.NET.ActiveCfg = Debug|Any CPU
		{81A680B4-21B8-4AF4-8D6E-795376E6F855}.AutomatedDebug|Any CPU.ActiveCfg = Debug|Any CPU
		{81A680B4-21B8-4AF4-8D6E-795376E6F855}.AutomatedDebug|Any CPU.Build.0 = Debug|Any CPU
		{81A680B4-21B8-4AF4-8D6E-795376E6F855}.AutomatedDebug|Mixed Platforms.ActiveCfg = Debug|Any CPU
		{81A680B4-21B8-4AF4-8D6E-795376E6F855}.AutomatedDebug|Mixed Platforms.Build.0 = Debug|Any CPU
		{81A680B4-21B8-4AF4-8D6E-795376E6F855}.AutomatedDebug|Win32.ActiveCfg = Debug|Any CPU
		{81A680B4-21B8-4AF4-8D6E-795376E6F855}.Debug|.NET.ActiveCfg = Debug|Any CPU
		{81A680B4-21B8-4AF4-8D6E-795376E6F855}.Debug|Any CPU.ActiveCfg = Debug|Any CPU
		{81A680B4-21B8-4AF4-8D6E-795376E6F855}.Debug|Any CPU.Build.0 = Debug|Any CPU
		{81A680B4-21B8-4AF4-8D6E-795376E6F855}.Debug|Mixed Platforms.ActiveCfg = Debug|Any CPU
		{81A680B4-21B8-4AF4-8D6E-795376E6F855}.Debug|Mixed Platforms.Build.0 = Debug|Any CPU
		{81A680B4-21B8-4AF4-8D6E-795376E6F855}.Debug|Win32.ActiveCfg = Debug|Any CPU
		{81A680B4-21B8-4AF4-8D6E-795376E6F855}.Release|.NET.ActiveCfg = Release|Any CPU
		{81A680B4-21B8-4AF4-8D6E-795376E6F855}.Release|Any CPU.ActiveCfg = Release|Any CPU
		{81A680B4-21B8-4AF4-8D6E-795376E6F855}.Release|Any CPU.Build.0 = Release|Any CPU
		{81A680B4-21B8-4AF4-8D6E-795376E6F855}.Release|Mixed Platforms.ActiveCfg = Release|Any CPU
		{81A680B4-21B8-4AF4-8D6E-795376E6F855}.Release|Mixed Platforms.Build.0 = Release|Any CPU
		{81A680B4-21B8-4AF4-8D6E-795376E6F855}.Release|Win32.ActiveCfg = Release|Any CPU
		{BEA9E881-AABD-4A59-B045-DE39BA3E21C3}.AutomatedDebug|.NET.ActiveCfg = Debug|Any CPU
		{BEA9E881-AABD-4A59-B045-DE39BA3E21C3}.AutomatedDebug|Any CPU.ActiveCfg = Debug|Any CPU
		{BEA9E881-AABD-4A59-B045-DE39BA3E21C3}.AutomatedDebug|Any CPU.Build.0 = Debug|Any CPU
		{BEA9E881-AABD-4A59-B045-DE39BA3E21C3}.AutomatedDebug|Mixed Platforms.ActiveCfg = Debug|Any CPU
		{BEA9E881-AABD-4A59-B045-DE39BA3E21C3}.AutomatedDebug|Mixed Platforms.Build.0 = Debug|Any CPU
		{BEA9E881-AABD-4A59-B045-DE39BA3E21C3}.AutomatedDebug|Win32.ActiveCfg = Debug|Any CPU
		{BEA9E881-AABD-4A59-B045-DE39BA3E21C3}.Debug|.NET.ActiveCfg = Debug|Any CPU
		{BEA9E881-AABD-4A59-B045-DE39BA3E21C3}.Debug|Any CPU.ActiveCfg = Debug|Any CPU
		{BEA9E881-AABD-4A59-B045-DE39BA3E21C3}.Debug|Any CPU.Build.0 = Debug|Any CPU
		{BEA9E881-AABD-4A59-B045-DE39BA3E21C3}.Debug|Mixed Platforms.ActiveCfg = Debug|Any CPU
		{BEA9E881-AABD-4A59-B045-DE39BA3E21C3}.Debug|Mixed Platforms.Build.0 = Debug|Any CPU
		{BEA9E881-AABD-4A59-B045-DE39BA3E21C3}.Debug|Win32.ActiveCfg = Debug|Any CPU
		{BEA9E881-AABD-4A59-B045-DE39BA3E21C3}.Release|.NET.ActiveCfg = Release|Any CPU
		{BEA9E881-AABD-4A59-B045-DE39BA3E21C3}.Release|Any CPU.ActiveCfg = Release|Any CPU
		{BEA9E881-AABD-4A59-B045-DE39BA3E21C3}.Release|Any CPU.Build.0 = Release|Any CPU
		{BEA9E881-AABD-4A59-B045-DE39BA3E21C3}.Release|Mixed Platforms.ActiveCfg = Release|Any CPU
		{BEA9E881-AABD-4A59-B045-DE39BA3E21C3}.Release|Mixed Platforms.Build.0 = Release|Any CPU
		{BEA9E881-AABD-4A59-B045-DE39BA3E21C3}.Release|Win32.ActiveCfg = Release|Any CPU
		{1F954832-7AE6-4C22-AE05-1354C3BEB1A5}.AutomatedDebug|.NET.ActiveCfg = Debug|Any CPU
		{1F954832-7AE6-4C22-AE05-1354C3BEB1A5}.AutomatedDebug|Any CPU.ActiveCfg = Debug|Any CPU
		{1F954832-7AE6-4C22-AE05-1354C3BEB1A5}.AutomatedDebug|Any CPU.Build.0 = Debug|Any CPU
		{1F954832-7AE6-4C22-AE05-1354C3BEB1A5}.AutomatedDebug|Mixed Platforms.ActiveCfg = Debug|Any CPU
		{1F954832-7AE6-4C22-AE05-1354C3BEB1A5}.AutomatedDebug|Mixed Platforms.Build.0 = Debug|Any CPU
		{1F954832-7AE6-4C22-AE05-1354C3BEB1A5}.AutomatedDebug|Win32.ActiveCfg = Debug|Any CPU
		{1F954832-7AE6-4C22-AE05-1354C3BEB1A5}.Debug|.NET.ActiveCfg = Debug|Any CPU
		{1F954832-7AE6-4C22-AE05-1354C3BEB1A5}.Debug|Any CPU.ActiveCfg = Debug|Any CPU
		{1F954832-7AE6-4C22-AE05-1354C3BEB1A5}.Debug|Any CPU.Build.0 = Debug|Any CPU
		{1F954832-7AE6-4C22-AE05-1354C3BEB1A5}.Debug|Mixed Platforms.ActiveCfg = Debug|Any CPU
		{1F954832-7AE6-4C22-AE05-1354C3BEB1A5}.Debug|Mixed Platforms.Build.0 = Debug|Any CPU
		{1F954832-7AE6-4C22-AE05-1354C3BEB1A5}.Debug|Win32.ActiveCfg = Debug|Any CPU
		{1F954832-7AE6-4C22-AE05-1354C3BEB1A5}.Release|.NET.ActiveCfg = Release|Any CPU
		{1F954832-7AE6-4C22-AE05-1354C3BEB1A5}.Release|Any CPU.ActiveCfg = Release|Any CPU
		{1F954832-7AE6-4C22-AE05-1354C3BEB1A5}.Release|Any CPU.Build.0 = Release|Any CPU
		{1F954832-7AE6-4C22-AE05-1354C3BEB1A5}.Release|Mixed Platforms.ActiveCfg = Release|Any CPU
		{1F954832-7AE6-4C22-AE05-1354C3BEB1A5}.Release|Mixed Platforms.Build.0 = Release|Any CPU
		{1F954832-7AE6-4C22-AE05-1354C3BEB1A5}.Release|Win32.ActiveCfg = Release|Any CPU
		{196A0B37-0824-4B54-A2A3-87D98B02CFA6}.AutomatedDebug|.NET.ActiveCfg = Debug|Any CPU
		{196A0B37-0824-4B54-A2A3-87D98B02CFA6}.AutomatedDebug|Any CPU.ActiveCfg = Debug|Any CPU
		{196A0B37-0824-4B54-A2A3-87D98B02CFA6}.AutomatedDebug|Any CPU.Build.0 = Debug|Any CPU
		{196A0B37-0824-4B54-A2A3-87D98B02CFA6}.AutomatedDebug|Mixed Platforms.ActiveCfg = Debug|Any CPU
		{196A0B37-0824-4B54-A2A3-87D98B02CFA6}.AutomatedDebug|Mixed Platforms.Build.0 = Debug|Any CPU
		{196A0B37-0824-4B54-A2A3-87D98B02CFA6}.AutomatedDebug|Win32.ActiveCfg = Debug|Any CPU
		{196A0B37-0824-4B54-A2A3-87D98B02CFA6}.Debug|.NET.ActiveCfg = Debug|Any CPU
		{196A0B37-0824-4B54-A2A3-87D98B02CFA6}.Debug|Any CPU.ActiveCfg = Debug|Any CPU
		{196A0B37-0824-4B54-A2A3-87D98B02CFA6}.Debug|Any CPU.Build.0 = Debug|Any CPU
		{196A0B37-0824-4B54-A2A3-87D98B02CFA6}.Debug|Mixed Platforms.ActiveCfg = Debug|Any CPU
		{196A0B37-0824-4B54-A2A3-87D98B02CFA6}.Debug|Mixed Platforms.Build.0 = Debug|Any CPU
		{196A0B37-0824-4B54-A2A3-87D98B02CFA6}.Debug|Win32.ActiveCfg = Debug|Any CPU
		{196A0B37-0824-4B54-A2A3-87D98B02CFA6}.Release|.NET.ActiveCfg = Release|Any CPU
		{196A0B37-0824-4B54-A2A3-87D98B02CFA6}.Release|Any CPU.ActiveCfg = Release|Any CPU
		{196A0B37-0824-4B54-A2A3-87D98B02CFA6}.Release|Any CPU.Build.0 = Release|Any CPU
		{196A0B37-0824-4B54-A2A3-87D98B02CFA6}.Release|Mixed Platforms.ActiveCfg = Release|Any CPU
		{196A0B37-0824-4B54-A2A3-87D98B02CFA6}.Release|Mixed Platforms.Build.0 = Release|Any CPU
		{196A0B37-0824-4B54-A2A3-87D98B02CFA6}.Release|Win32.ActiveCfg = Release|Any CPU
		{8513D286-87D2-459D-A713-2E583FB797F8}.AutomatedDebug|.NET.ActiveCfg = Debug|Any CPU
		{8513D286-87D2-459D-A713-2E583FB797F8}.AutomatedDebug|Any CPU.ActiveCfg = Debug|Any CPU
		{8513D286-87D2-459D-A713-2E583FB797F8}.AutomatedDebug|Any CPU.Build.0 = Debug|Any CPU
		{8513D286-87D2-459D-A713-2E583FB797F8}.AutomatedDebug|Mixed Platforms.ActiveCfg = Debug|Any CPU
		{8513D286-87D2-459D-A713-2E583FB797F8}.AutomatedDebug|Mixed Platforms.Build.0 = Debug|Any CPU
		{8513D286-87D2-459D-A713-2E583FB797F8}.AutomatedDebug|Win32.ActiveCfg = Debug|Any CPU
		{8513D286-87D2-459D-A713-2E583FB797F8}.Debug|.NET.ActiveCfg = Debug|Any CPU
		{8513D286-87D2-459D-A713-2E583FB797F8}.Debug|Any CPU.ActiveCfg = Debug|Any CPU
		{8513D286-87D2-459D-A713-2E583FB797F8}.Debug|Any CPU.Build.0 = Debug|Any CPU
		{8513D286-87D2-459D-A713-2E583FB797F8}.Debug|Mixed Platforms.ActiveCfg = Debug|Any CPU
		{8513D286-87D2-459D-A713-2E583FB797F8}.Debug|Mixed Platforms.Build.0 = Debug|Any CPU
		{8513D286-87D2-459D-A713-2E583FB797F8}.Debug|Win32.ActiveCfg = Debug|Any CPU
		{8513D286-87D2-459D-A713-2E583FB797F8}.Release|.NET.ActiveCfg = Release|Any CPU
		{8513D286-87D2-459D-A713-2E583FB797F8}.Release|Any CPU.ActiveCfg = Release|Any CPU
		{8513D286-87D2-459D-A713-2E583FB797F8}.Release|Any CPU.Build.0 = Release|Any CPU
		{8513D286-87D2-459D-A713-2E583FB797F8}.Release|Mixed Platforms.ActiveCfg = Release|Any CPU
		{8513D286-87D2-459D-A713-2E583FB797F8}.Release|Mixed Platforms.Build.0 = Release|Any CPU
		{8513D286-87D2-459D-A713-2E583FB797F8}.Release|Win32.ActiveCfg = Release|Any CPU
		{683DEA2B-BE16-4643-B7E7-9AFF595B60C3}.AutomatedDebug|.NET.ActiveCfg = Debug|Any CPU
		{683DEA2B-BE16-4643-B7E7-9AFF595B60C3}.AutomatedDebug|Any CPU.ActiveCfg = Debug|Any CPU
		{683DEA2B-BE16-4643-B7E7-9AFF595B60C3}.AutomatedDebug|Any CPU.Build.0 = Debug|Any CPU
		{683DEA2B-BE16-4643-B7E7-9AFF595B60C3}.AutomatedDebug|Mixed Platforms.ActiveCfg = Debug|Any CPU
		{683DEA2B-BE16-4643-B7E7-9AFF595B60C3}.AutomatedDebug|Mixed Platforms.Build.0 = Debug|Any CPU
		{683DEA2B-BE16-4643-B7E7-9AFF595B60C3}.AutomatedDebug|Win32.ActiveCfg = Debug|Any CPU
		{683DEA2B-BE16-4643-B7E7-9AFF595B60C3}.Debug|.NET.ActiveCfg = Debug|Any CPU
		{683DEA2B-BE16-4643-B7E7-9AFF595B60C3}.Debug|Any CPU.ActiveCfg = Debug|Any CPU
		{683DEA2B-BE16-4643-B7E7-9AFF595B60C3}.Debug|Any CPU.Build.0 = Debug|Any CPU
		{683DEA2B-BE16-4643-B7E7-9AFF595B60C3}.Debug|Mixed Platforms.ActiveCfg = Debug|Any CPU
		{683DEA2B-BE16-4643-B7E7-9AFF595B60C3}.Debug|Mixed Platforms.Build.0 = Debug|Any CPU
		{683DEA2B-BE16-4643-B7E7-9AFF595B60C3}.Debug|Win32.ActiveCfg = Debug|Any CPU
		{683DEA2B-BE16-4643-B7E7-9AFF595B60C3}.Release|.NET.ActiveCfg = Release|Any CPU
		{683DEA2B-BE16-4643-B7E7-9AFF595B60C3}.Release|Any CPU.ActiveCfg = Release|Any CPU
		{683DEA2B-BE16-4643-B7E7-9AFF595B60C3}.Release|Any CPU.Build.0 = Release|Any CPU
		{683DEA2B-BE16-4643-B7E7-9AFF595B60C3}.Release|Mixed Platforms.ActiveCfg = Release|Any CPU
		{683DEA2B-BE16-4643-B7E7-9AFF595B60C3}.Release|Mixed Platforms.Build.0 = Release|Any CPU
		{683DEA2B-BE16-4643-B7E7-9AFF595B60C3}.Release|Win32.ActiveCfg = Release|Any CPU
		{E73299E0-35A0-4923-B0DD-93B6744EE75E}.AutomatedDebug|.NET.ActiveCfg = Debug|Any CPU
		{E73299E0-35A0-4923-B0DD-93B6744EE75E}.AutomatedDebug|Any CPU.ActiveCfg = Debug|Any CPU
		{E73299E0-35A0-4923-B0DD-93B6744EE75E}.AutomatedDebug|Any CPU.Build.0 = Debug|Any CPU
		{E73299E0-35A0-4923-B0DD-93B6744EE75E}.AutomatedDebug|Mixed Platforms.ActiveCfg = Debug|Any CPU
		{E73299E0-35A0-4923-B0DD-93B6744EE75E}.AutomatedDebug|Mixed Platforms.Build.0 = Debug|Any CPU
		{E73299E0-35A0-4923-B0DD-93B6744EE75E}.AutomatedDebug|Win32.ActiveCfg = Debug|Any CPU
		{E73299E0-35A0-4923-B0DD-93B6744EE75E}.Debug|.NET.ActiveCfg = Debug|Any CPU
		{E73299E0-35A0-4923-B0DD-93B6744EE75E}.Debug|Any CPU.ActiveCfg = Debug|Any CPU
		{E73299E0-35A0-4923-B0DD-93B6744EE75E}.Debug|Any CPU.Build.0 = Debug|Any CPU
		{E73299E0-35A0-4923-B0DD-93B6744EE75E}.Debug|Mixed Platforms.ActiveCfg = Debug|Any CPU
		{E73299E0-35A0-4923-B0DD-93B6744EE75E}.Debug|Mixed Platforms.Build.0 = Debug|Any CPU
		{E73299E0-35A0-4923-B0DD-93B6744EE75E}.Debug|Win32.ActiveCfg = Debug|Any CPU
		{E73299E0-35A0-4923-B0DD-93B6744EE75E}.Release|.NET.ActiveCfg = Release|Any CPU
		{E73299E0-35A0-4923-B0DD-93B6744EE75E}.Release|Any CPU.ActiveCfg = Release|Any CPU
		{E73299E0-35A0-4923-B0DD-93B6744EE75E}.Release|Any CPU.Build.0 = Release|Any CPU
		{E73299E0-35A0-4923-B0DD-93B6744EE75E}.Release|Mixed Platforms.ActiveCfg = Release|Any CPU
		{E73299E0-35A0-4923-B0DD-93B6744EE75E}.Release|Mixed Platforms.Build.0 = Release|Any CPU
		{E73299E0-35A0-4923-B0DD-93B6744EE75E}.Release|Win32.ActiveCfg = Release|Any CPU
		{ED8E108C-4469-4D07-B60F-436178EB5E2C}.AutomatedDebug|.NET.ActiveCfg = Debug|Any CPU
		{ED8E108C-4469-4D07-B60F-436178EB5E2C}.AutomatedDebug|Any CPU.ActiveCfg = Debug|Any CPU
		{ED8E108C-4469-4D07-B60F-436178EB5E2C}.AutomatedDebug|Any CPU.Build.0 = Debug|Any CPU
		{ED8E108C-4469-4D07-B60F-436178EB5E2C}.AutomatedDebug|Mixed Platforms.ActiveCfg = Debug|Any CPU
		{ED8E108C-4469-4D07-B60F-436178EB5E2C}.AutomatedDebug|Mixed Platforms.Build.0 = Debug|Any CPU
		{ED8E108C-4469-4D07-B60F-436178EB5E2C}.AutomatedDebug|Win32.ActiveCfg = Debug|Any CPU
		{ED8E108C-4469-4D07-B60F-436178EB5E2C}.Debug|.NET.ActiveCfg = Debug|Any CPU
		{ED8E108C-4469-4D07-B60F-436178EB5E2C}.Debug|Any CPU.ActiveCfg = Debug|Any CPU
		{ED8E108C-4469-4D07-B60F-436178EB5E2C}.Debug|Any CPU.Build.0 = Debug|Any CPU
		{ED8E108C-4469-4D07-B60F-436178EB5E2C}.Debug|Mixed Platforms.ActiveCfg = Debug|Any CPU
		{ED8E108C-4469-4D07-B60F-436178EB5E2C}.Debug|Mixed Platforms.Build.0 = Debug|Any CPU
		{ED8E108C-4469-4D07-B60F-436178EB5E2C}.Debug|Win32.ActiveCfg = Debug|Any CPU
		{ED8E108C-4469-4D07-B60F-436178EB5E2C}.Release|.NET.ActiveCfg = Release|Any CPU
		{ED8E108C-4469-4D07-B60F-436178EB5E2C}.Release|Any CPU.ActiveCfg = Release|Any CPU
		{ED8E108C-4469-4D07-B60F-436178EB5E2C}.Release|Any CPU.Build.0 = Release|Any CPU
		{ED8E108C-4469-4D07-B60F-436178EB5E2C}.Release|Mixed Platforms.ActiveCfg = Release|Any CPU
		{ED8E108C-4469-4D07-B60F-436178EB5E2C}.Release|Mixed Platforms.Build.0 = Release|Any CPU
		{ED8E108C-4469-4D07-B60F-436178EB5E2C}.Release|Win32.ActiveCfg = Release|Any CPU
		{9F509E89-5158-4095-B3D8-53FE00027363}.AutomatedDebug|.NET.ActiveCfg = Debug|Any CPU
		{9F509E89-5158-4095-B3D8-53FE00027363}.AutomatedDebug|Any CPU.ActiveCfg = Debug|Any CPU
		{9F509E89-5158-4095-B3D8-53FE00027363}.AutomatedDebug|Any CPU.Build.0 = Debug|Any CPU
		{9F509E89-5158-4095-B3D8-53FE00027363}.AutomatedDebug|Mixed Platforms.ActiveCfg = Debug|Any CPU
		{9F509E89-5158-4095-B3D8-53FE00027363}.AutomatedDebug|Mixed Platforms.Build.0 = Debug|Any CPU
		{9F509E89-5158-4095-B3D8-53FE00027363}.AutomatedDebug|Win32.ActiveCfg = Debug|Any CPU
		{9F509E89-5158-4095-B3D8-53FE00027363}.Debug|.NET.ActiveCfg = Debug|Any CPU
		{9F509E89-5158-4095-B3D8-53FE00027363}.Debug|Any CPU.ActiveCfg = Debug|Any CPU
		{9F509E89-5158-4095-B3D8-53FE00027363}.Debug|Any CPU.Build.0 = Debug|Any CPU
		{9F509E89-5158-4095-B3D8-53FE00027363}.Debug|Mixed Platforms.ActiveCfg = Debug|Any CPU
		{9F509E89-5158-4095-B3D8-53FE00027363}.Debug|Mixed Platforms.Build.0 = Debug|Any CPU
		{9F509E89-5158-4095-B3D8-53FE00027363}.Debug|Win32.ActiveCfg = Debug|Any CPU
		{9F509E89-5158-4095-B3D8-53FE00027363}.Release|.NET.ActiveCfg = Release|Any CPU
		{9F509E89-5158-4095-B3D8-53FE00027363}.Release|Any CPU.ActiveCfg = Release|Any CPU
		{9F509E89-5158-4095-B3D8-53FE00027363}.Release|Any CPU.Build.0 = Release|Any CPU
		{9F509E89-5158-4095-B3D8-53FE00027363}.Release|Mixed Platforms.ActiveCfg = Release|Any CPU
		{9F509E89-5158-4095-B3D8-53FE00027363}.Release|Mixed Platforms.Build.0 = Release|Any CPU
		{9F509E89-5158-4095-B3D8-53FE00027363}.Release|Win32.ActiveCfg = Release|Any CPU
		{67FDDCB4-FABC-4273-B8DD-25EA930D0ADF}.AutomatedDebug|.NET.ActiveCfg = Debug|Any CPU
		{67FDDCB4-FABC-4273-B8DD-25EA930D0ADF}.AutomatedDebug|Any CPU.ActiveCfg = Debug|Any CPU
		{67FDDCB4-FABC-4273-B8DD-25EA930D0ADF}.AutomatedDebug|Any CPU.Build.0 = Debug|Any CPU
		{67FDDCB4-FABC-4273-B8DD-25EA930D0ADF}.AutomatedDebug|Mixed Platforms.ActiveCfg = Debug|Any CPU
		{67FDDCB4-FABC-4273-B8DD-25EA930D0ADF}.AutomatedDebug|Mixed Platforms.Build.0 = Debug|Any CPU
		{67FDDCB4-FABC-4273-B8DD-25EA930D0ADF}.AutomatedDebug|Win32.ActiveCfg = Debug|Any CPU
		{67FDDCB4-FABC-4273-B8DD-25EA930D0ADF}.Debug|.NET.ActiveCfg = Debug|Any CPU
		{67FDDCB4-FABC-4273-B8DD-25EA930D0ADF}.Debug|Any CPU.ActiveCfg = Debug|Any CPU
		{67FDDCB4-FABC-4273-B8DD-25EA930D0ADF}.Debug|Any CPU.Build.0 = Debug|Any CPU
		{67FDDCB4-FABC-4273-B8DD-25EA930D0ADF}.Debug|Mixed Platforms.ActiveCfg = Debug|Any CPU
		{67FDDCB4-FABC-4273-B8DD-25EA930D0ADF}.Debug|Mixed Platforms.Build.0 = Debug|Any CPU
		{67FDDCB4-FABC-4273-B8DD-25EA930D0ADF}.Debug|Win32.ActiveCfg = Debug|Any CPU
		{67FDDCB4-FABC-4273-B8DD-25EA930D0ADF}.Release|.NET.ActiveCfg = Release|Any CPU
		{67FDDCB4-FABC-4273-B8DD-25EA930D0ADF}.Release|Any CPU.ActiveCfg = Release|Any CPU
		{67FDDCB4-FABC-4273-B8DD-25EA930D0ADF}.Release|Any CPU.Build.0 = Release|Any CPU
		{67FDDCB4-FABC-4273-B8DD-25EA930D0ADF}.Release|Mixed Platforms.ActiveCfg = Release|Any CPU
		{67FDDCB4-FABC-4273-B8DD-25EA930D0ADF}.Release|Mixed Platforms.Build.0 = Release|Any CPU
		{67FDDCB4-FABC-4273-B8DD-25EA930D0ADF}.Release|Win32.ActiveCfg = Release|Any CPU
		{910CC90B-31CD-4A13-8EAC-9B197395EE6E}.AutomatedDebug|.NET.ActiveCfg = Debug|Any CPU
		{910CC90B-31CD-4A13-8EAC-9B197395EE6E}.AutomatedDebug|Any CPU.ActiveCfg = Debug|Any CPU
		{910CC90B-31CD-4A13-8EAC-9B197395EE6E}.AutomatedDebug|Any CPU.Build.0 = Debug|Any CPU
		{910CC90B-31CD-4A13-8EAC-9B197395EE6E}.AutomatedDebug|Mixed Platforms.ActiveCfg = Debug|Any CPU
		{910CC90B-31CD-4A13-8EAC-9B197395EE6E}.AutomatedDebug|Mixed Platforms.Build.0 = Debug|Any CPU
		{910CC90B-31CD-4A13-8EAC-9B197395EE6E}.AutomatedDebug|Win32.ActiveCfg = Debug|Any CPU
		{910CC90B-31CD-4A13-8EAC-9B197395EE6E}.Debug|.NET.ActiveCfg = Debug|Any CPU
		{910CC90B-31CD-4A13-8EAC-9B197395EE6E}.Debug|Any CPU.ActiveCfg = Debug|Any CPU
		{910CC90B-31CD-4A13-8EAC-9B197395EE6E}.Debug|Any CPU.Build.0 = Debug|Any CPU
		{910CC90B-31CD-4A13-8EAC-9B197395EE6E}.Debug|Mixed Platforms.ActiveCfg = Debug|Any CPU
		{910CC90B-31CD-4A13-8EAC-9B197395EE6E}.Debug|Mixed Platforms.Build.0 = Debug|Any CPU
		{910CC90B-31CD-4A13-8EAC-9B197395EE6E}.Debug|Win32.ActiveCfg = Debug|Any CPU
		{910CC90B-31CD-4A13-8EAC-9B197395EE6E}.Release|.NET.ActiveCfg = Release|Any CPU
		{910CC90B-31CD-4A13-8EAC-9B197395EE6E}.Release|Any CPU.ActiveCfg = Release|Any CPU
		{910CC90B-31CD-4A13-8EAC-9B197395EE6E}.Release|Any CPU.Build.0 = Release|Any CPU
		{910CC90B-31CD-4A13-8EAC-9B197395EE6E}.Release|Mixed Platforms.ActiveCfg = Release|Any CPU
		{910CC90B-31CD-4A13-8EAC-9B197395EE6E}.Release|Mixed Platforms.Build.0 = Release|Any CPU
		{910CC90B-31CD-4A13-8EAC-9B197395EE6E}.Release|Win32.ActiveCfg = Release|Any CPU
		{19FC2A6E-1C39-4DB8-AABF-A234FD6BC3FE}.AutomatedDebug|.NET.ActiveCfg = Debug|Any CPU
		{19FC2A6E-1C39-4DB8-AABF-A234FD6BC3FE}.AutomatedDebug|Any CPU.ActiveCfg = Debug|Any CPU
		{19FC2A6E-1C39-4DB8-AABF-A234FD6BC3FE}.AutomatedDebug|Any CPU.Build.0 = Debug|Any CPU
		{19FC2A6E-1C39-4DB8-AABF-A234FD6BC3FE}.AutomatedDebug|Mixed Platforms.ActiveCfg = Debug|Any CPU
		{19FC2A6E-1C39-4DB8-AABF-A234FD6BC3FE}.AutomatedDebug|Mixed Platforms.Build.0 = Debug|Any CPU
		{19FC2A6E-1C39-4DB8-AABF-A234FD6BC3FE}.AutomatedDebug|Win32.ActiveCfg = Debug|Any CPU
		{19FC2A6E-1C39-4DB8-AABF-A234FD6BC3FE}.Debug|.NET.ActiveCfg = Debug|Any CPU
		{19FC2A6E-1C39-4DB8-AABF-A234FD6BC3FE}.Debug|Any CPU.ActiveCfg = Debug|Any CPU
		{19FC2A6E-1C39-4DB8-AABF-A234FD6BC3FE}.Debug|Any CPU.Build.0 = Debug|Any CPU
		{19FC2A6E-1C39-4DB8-AABF-A234FD6BC3FE}.Debug|Mixed Platforms.ActiveCfg = Debug|Any CPU
		{19FC2A6E-1C39-4DB8-AABF-A234FD6BC3FE}.Debug|Mixed Platforms.Build.0 = Debug|Any CPU
		{19FC2A6E-1C39-4DB8-AABF-A234FD6BC3FE}.Debug|Win32.ActiveCfg = Debug|Any CPU
		{19FC2A6E-1C39-4DB8-AABF-A234FD6BC3FE}.Release|.NET.ActiveCfg = Release|Any CPU
		{19FC2A6E-1C39-4DB8-AABF-A234FD6BC3FE}.Release|Any CPU.ActiveCfg = Release|Any CPU
		{19FC2A6E-1C39-4DB8-AABF-A234FD6BC3FE}.Release|Any CPU.Build.0 = Release|Any CPU
		{19FC2A6E-1C39-4DB8-AABF-A234FD6BC3FE}.Release|Mixed Platforms.ActiveCfg = Release|Any CPU
		{19FC2A6E-1C39-4DB8-AABF-A234FD6BC3FE}.Release|Mixed Platforms.Build.0 = Release|Any CPU
		{19FC2A6E-1C39-4DB8-AABF-A234FD6BC3FE}.Release|Win32.ActiveCfg = Release|Any CPU
		{2C48DDD5-11AD-4959-AA76-8D1D90484CD2}.AutomatedDebug|.NET.ActiveCfg = Debug|Any CPU
		{2C48DDD5-11AD-4959-AA76-8D1D90484CD2}.AutomatedDebug|Any CPU.ActiveCfg = Debug|Any CPU
		{2C48DDD5-11AD-4959-AA76-8D1D90484CD2}.AutomatedDebug|Any CPU.Build.0 = Debug|Any CPU
		{2C48DDD5-11AD-4959-AA76-8D1D90484CD2}.AutomatedDebug|Mixed Platforms.ActiveCfg = Debug|Any CPU
		{2C48DDD5-11AD-4959-AA76-8D1D90484CD2}.AutomatedDebug|Mixed Platforms.Build.0 = Debug|Any CPU
		{2C48DDD5-11AD-4959-AA76-8D1D90484CD2}.AutomatedDebug|Win32.ActiveCfg = Debug|Any CPU
		{2C48DDD5-11AD-4959-AA76-8D1D90484CD2}.Debug|.NET.ActiveCfg = Debug|Any CPU
		{2C48DDD5-11AD-4959-AA76-8D1D90484CD2}.Debug|Any CPU.ActiveCfg = Debug|Any CPU
		{2C48DDD5-11AD-4959-AA76-8D1D90484CD2}.Debug|Any CPU.Build.0 = Debug|Any CPU
		{2C48DDD5-11AD-4959-AA76-8D1D90484CD2}.Debug|Mixed Platforms.ActiveCfg = Debug|Any CPU
		{2C48DDD5-11AD-4959-AA76-8D1D90484CD2}.Debug|Mixed Platforms.Build.0 = Debug|Any CPU
		{2C48DDD5-11AD-4959-AA76-8D1D90484CD2}.Debug|Win32.ActiveCfg = Debug|Any CPU
		{2C48DDD5-11AD-4959-AA76-8D1D90484CD2}.Release|.NET.ActiveCfg = Release|Any CPU
		{2C48DDD5-11AD-4959-AA76-8D1D90484CD2}.Release|Any CPU.ActiveCfg = Release|Any CPU
		{2C48DDD5-11AD-4959-AA76-8D1D90484CD2}.Release|Any CPU.Build.0 = Release|Any CPU
		{2C48DDD5-11AD-4959-AA76-8D1D90484CD2}.Release|Mixed Platforms.ActiveCfg = Release|Any CPU
		{2C48DDD5-11AD-4959-AA76-8D1D90484CD2}.Release|Mixed Platforms.Build.0 = Release|Any CPU
		{2C48DDD5-11AD-4959-AA76-8D1D90484CD2}.Release|Win32.ActiveCfg = Release|Any CPU
		{FCD3E92F-FEE9-414D-A460-09F7F685B83E}.AutomatedDebug|.NET.ActiveCfg = Debug|Any CPU
		{FCD3E92F-FEE9-414D-A460-09F7F685B83E}.AutomatedDebug|Any CPU.ActiveCfg = Debug|Any CPU
		{FCD3E92F-FEE9-414D-A460-09F7F685B83E}.AutomatedDebug|Any CPU.Build.0 = Debug|Any CPU
		{FCD3E92F-FEE9-414D-A460-09F7F685B83E}.AutomatedDebug|Mixed Platforms.ActiveCfg = Debug|Any CPU
		{FCD3E92F-FEE9-414D-A460-09F7F685B83E}.AutomatedDebug|Mixed Platforms.Build.0 = Debug|Any CPU
		{FCD3E92F-FEE9-414D-A460-09F7F685B83E}.AutomatedDebug|Win32.ActiveCfg = Debug|Any CPU
		{FCD3E92F-FEE9-414D-A460-09F7F685B83E}.Debug|.NET.ActiveCfg = Debug|Any CPU
		{FCD3E92F-FEE9-414D-A460-09F7F685B83E}.Debug|Any CPU.ActiveCfg = Debug|Any CPU
		{FCD3E92F-FEE9-414D-A460-09F7F685B83E}.Debug|Any CPU.Build.0 = Debug|Any CPU
		{FCD3E92F-FEE9-414D-A460-09F7F685B83E}.Debug|Mixed Platforms.ActiveCfg = Debug|Any CPU
		{FCD3E92F-FEE9-414D-A460-09F7F685B83E}.Debug|Mixed Platforms.Build.0 = Debug|Any CPU
		{FCD3E92F-FEE9-414D-A460-09F7F685B83E}.Debug|Win32.ActiveCfg = Debug|Any CPU
		{FCD3E92F-FEE9-414D-A460-09F7F685B83E}.Release|.NET.ActiveCfg = Release|Any CPU
		{FCD3E92F-FEE9-414D-A460-09F7F685B83E}.Release|Any CPU.ActiveCfg = Release|Any CPU
		{FCD3E92F-FEE9-414D-A460-09F7F685B83E}.Release|Any CPU.Build.0 = Release|Any CPU
		{FCD3E92F-FEE9-414D-A460-09F7F685B83E}.Release|Mixed Platforms.ActiveCfg = Release|Any CPU
		{FCD3E92F-FEE9-414D-A460-09F7F685B83E}.Release|Mixed Platforms.Build.0 = Release|Any CPU
		{FCD3E92F-FEE9-414D-A460-09F7F685B83E}.Release|Win32.ActiveCfg = Release|Any CPU
		{CE81A52D-B39E-42C0-8B54-C67CF294B3FB}.AutomatedDebug|.NET.ActiveCfg = Debug|Any CPU
		{CE81A52D-B39E-42C0-8B54-C67CF294B3FB}.AutomatedDebug|Any CPU.ActiveCfg = Debug|Any CPU
		{CE81A52D-B39E-42C0-8B54-C67CF294B3FB}.AutomatedDebug|Any CPU.Build.0 = Debug|Any CPU
		{CE81A52D-B39E-42C0-8B54-C67CF294B3FB}.AutomatedDebug|Mixed Platforms.ActiveCfg = Debug|Any CPU
		{CE81A52D-B39E-42C0-8B54-C67CF294B3FB}.AutomatedDebug|Mixed Platforms.Build.0 = Debug|Any CPU
		{CE81A52D-B39E-42C0-8B54-C67CF294B3FB}.AutomatedDebug|Win32.ActiveCfg = Debug|Any CPU
		{CE81A52D-B39E-42C0-8B54-C67CF294B3FB}.Debug|.NET.ActiveCfg = Debug|Any CPU
		{CE81A52D-B39E-42C0-8B54-C67CF294B3FB}.Debug|Any CPU.ActiveCfg = Debug|Any CPU
		{CE81A52D-B39E-42C0-8B54-C67CF294B3FB}.Debug|Any CPU.Build.0 = Debug|Any CPU
		{CE81A52D-B39E-42C0-8B54-C67CF294B3FB}.Debug|Mixed Platforms.ActiveCfg = Debug|Any CPU
		{CE81A52D-B39E-42C0-8B54-C67CF294B3FB}.Debug|Mixed Platforms.Build.0 = Debug|Any CPU
		{CE81A52D-B39E-42C0-8B54-C67CF294B3FB}.Debug|Win32.ActiveCfg = Debug|Any CPU
		{CE81A52D-B39E-42C0-8B54-C67CF294B3FB}.Release|.NET.ActiveCfg = Release|Any CPU
		{CE81A52D-B39E-42C0-8B54-C67CF294B3FB}.Release|Any CPU.ActiveCfg = Release|Any CPU
		{CE81A52D-B39E-42C0-8B54-C67CF294B3FB}.Release|Any CPU.Build.0 = Release|Any CPU
		{CE81A52D-B39E-42C0-8B54-C67CF294B3FB}.Release|Mixed Platforms.ActiveCfg = Release|Any CPU
		{CE81A52D-B39E-42C0-8B54-C67CF294B3FB}.Release|Mixed Platforms.Build.0 = Release|Any CPU
		{CE81A52D-B39E-42C0-8B54-C67CF294B3FB}.Release|Win32.ActiveCfg = Release|Any CPU
		{31F10CBC-B77C-4B58-8706-E8800FFC1D20}.AutomatedDebug|.NET.ActiveCfg = Debug|Any CPU
		{31F10CBC-B77C-4B58-8706-E8800FFC1D20}.AutomatedDebug|Any CPU.ActiveCfg = Debug|Any CPU
		{31F10CBC-B77C-4B58-8706-E8800FFC1D20}.AutomatedDebug|Any CPU.Build.0 = Debug|Any CPU
		{31F10CBC-B77C-4B58-8706-E8800FFC1D20}.AutomatedDebug|Mixed Platforms.ActiveCfg = Debug|Any CPU
		{31F10CBC-B77C-4B58-8706-E8800FFC1D20}.AutomatedDebug|Mixed Platforms.Build.0 = Debug|Any CPU
		{31F10CBC-B77C-4B58-8706-E8800FFC1D20}.AutomatedDebug|Win32.ActiveCfg = Debug|Any CPU
		{31F10CBC-B77C-4B58-8706-E8800FFC1D20}.Debug|.NET.ActiveCfg = Debug|Any CPU
		{31F10CBC-B77C-4B58-8706-E8800FFC1D20}.Debug|Any CPU.ActiveCfg = Debug|Any CPU
		{31F10CBC-B77C-4B58-8706-E8800FFC1D20}.Debug|Any CPU.Build.0 = Debug|Any CPU
		{31F10CBC-B77C-4B58-8706-E8800FFC1D20}.Debug|Mixed Platforms.ActiveCfg = Debug|Any CPU
		{31F10CBC-B77C-4B58-8706-E8800FFC1D20}.Debug|Mixed Platforms.Build.0 = Debug|Any CPU
		{31F10CBC-B77C-4B58-8706-E8800FFC1D20}.Debug|Win32.ActiveCfg = Debug|Any CPU
		{31F10CBC-B77C-4B58-8706-E8800FFC1D20}.Release|.NET.ActiveCfg = Release|Any CPU
		{31F10CBC-B77C-4B58-8706-E8800FFC1D20}.Release|Any CPU.ActiveCfg = Release|Any CPU
		{31F10CBC-B77C-4B58-8706-E8800FFC1D20}.Release|Any CPU.Build.0 = Release|Any CPU
		{31F10CBC-B77C-4B58-8706-E8800FFC1D20}.Release|Mixed Platforms.ActiveCfg = Release|Any CPU
		{31F10CBC-B77C-4B58-8706-E8800FFC1D20}.Release|Mixed Platforms.Build.0 = Release|Any CPU
		{31F10CBC-B77C-4B58-8706-E8800FFC1D20}.Release|Win32.ActiveCfg = Release|Any CPU
		{FF4C5653-D6B8-4E17-82B1-E23D52F1C49F}.AutomatedDebug|.NET.ActiveCfg = Debug|Any CPU
		{FF4C5653-D6B8-4E17-82B1-E23D52F1C49F}.AutomatedDebug|Any CPU.ActiveCfg = Debug|Any CPU
		{FF4C5653-D6B8-4E17-82B1-E23D52F1C49F}.AutomatedDebug|Any CPU.Build.0 = Debug|Any CPU
		{FF4C5653-D6B8-4E17-82B1-E23D52F1C49F}.AutomatedDebug|Mixed Platforms.ActiveCfg = Debug|Any CPU
		{FF4C5653-D6B8-4E17-82B1-E23D52F1C49F}.AutomatedDebug|Mixed Platforms.Build.0 = Debug|Any CPU
		{FF4C5653-D6B8-4E17-82B1-E23D52F1C49F}.AutomatedDebug|Win32.ActiveCfg = Debug|Any CPU
		{FF4C5653-D6B8-4E17-82B1-E23D52F1C49F}.Debug|.NET.ActiveCfg = Debug|Any CPU
		{FF4C5653-D6B8-4E17-82B1-E23D52F1C49F}.Debug|Any CPU.ActiveCfg = Debug|Any CPU
		{FF4C5653-D6B8-4E17-82B1-E23D52F1C49F}.Debug|Any CPU.Build.0 = Debug|Any CPU
		{FF4C5653-D6B8-4E17-82B1-E23D52F1C49F}.Debug|Mixed Platforms.ActiveCfg = Debug|Any CPU
		{FF4C5653-D6B8-4E17-82B1-E23D52F1C49F}.Debug|Mixed Platforms.Build.0 = Debug|Any CPU
		{FF4C5653-D6B8-4E17-82B1-E23D52F1C49F}.Debug|Win32.ActiveCfg = Debug|Any CPU
		{FF4C5653-D6B8-4E17-82B1-E23D52F1C49F}.Release|.NET.ActiveCfg = Release|Any CPU
		{FF4C5653-D6B8-4E17-82B1-E23D52F1C49F}.Release|Any CPU.ActiveCfg = Release|Any CPU
		{FF4C5653-D6B8-4E17-82B1-E23D52F1C49F}.Release|Any CPU.Build.0 = Release|Any CPU
		{FF4C5653-D6B8-4E17-82B1-E23D52F1C49F}.Release|Mixed Platforms.ActiveCfg = Release|Any CPU
		{FF4C5653-D6B8-4E17-82B1-E23D52F1C49F}.Release|Mixed Platforms.Build.0 = Release|Any CPU
		{FF4C5653-D6B8-4E17-82B1-E23D52F1C49F}.Release|Win32.ActiveCfg = Release|Any CPU
		{0CD3A7F2-1FC8-4F02-AD66-2A3F95B1C546}.AutomatedDebug|.NET.ActiveCfg = Debug|Any CPU
		{0CD3A7F2-1FC8-4F02-AD66-2A3F95B1C546}.AutomatedDebug|Any CPU.ActiveCfg = Debug|Any CPU
		{0CD3A7F2-1FC8-4F02-AD66-2A3F95B1C546}.AutomatedDebug|Any CPU.Build.0 = Debug|Any CPU
		{0CD3A7F2-1FC8-4F02-AD66-2A3F95B1C546}.AutomatedDebug|Mixed Platforms.ActiveCfg = Debug|Any CPU
		{0CD3A7F2-1FC8-4F02-AD66-2A3F95B1C546}.AutomatedDebug|Mixed Platforms.Build.0 = Debug|Any CPU
		{0CD3A7F2-1FC8-4F02-AD66-2A3F95B1C546}.AutomatedDebug|Win32.ActiveCfg = Debug|Any CPU
		{0CD3A7F2-1FC8-4F02-AD66-2A3F95B1C546}.Debug|.NET.ActiveCfg = Debug|Any CPU
		{0CD3A7F2-1FC8-4F02-AD66-2A3F95B1C546}.Debug|Any CPU.ActiveCfg = Debug|Any CPU
		{0CD3A7F2-1FC8-4F02-AD66-2A3F95B1C546}.Debug|Any CPU.Build.0 = Debug|Any CPU
		{0CD3A7F2-1FC8-4F02-AD66-2A3F95B1C546}.Debug|Mixed Platforms.ActiveCfg = Debug|Any CPU
		{0CD3A7F2-1FC8-4F02-AD66-2A3F95B1C546}.Debug|Mixed Platforms.Build.0 = Debug|Any CPU
		{0CD3A7F2-1FC8-4F02-AD66-2A3F95B1C546}.Debug|Win32.ActiveCfg = Debug|Any CPU
		{0CD3A7F2-1FC8-4F02-AD66-2A3F95B1C546}.Release|.NET.ActiveCfg = Release|Any CPU
		{0CD3A7F2-1FC8-4F02-AD66-2A3F95B1C546}.Release|Any CPU.ActiveCfg = Release|Any CPU
		{0CD3A7F2-1FC8-4F02-AD66-2A3F95B1C546}.Release|Any CPU.Build.0 = Release|Any CPU
		{0CD3A7F2-1FC8-4F02-AD66-2A3F95B1C546}.Release|Mixed Platforms.ActiveCfg = Release|Any CPU
		{0CD3A7F2-1FC8-4F02-AD66-2A3F95B1C546}.Release|Mixed Platforms.Build.0 = Release|Any CPU
		{0CD3A7F2-1FC8-4F02-AD66-2A3F95B1C546}.Release|Win32.ActiveCfg = Release|Any CPU
	EndGlobalSection
	GlobalSection(SolutionProperties) = preSolution
		HideSolutionNode = FALSE
	EndGlobalSection
EndGlobal
