Microsoft Visual Studio Solution File, Format Version 10.00
# Visual Studio 2008
Project("{2150E333-8FDC-42A3-9474-1A3956D46DE8}") = "Solution Items", "Solution Items", "{1BCBA4C4-8C47-496C-B0D4-FDE9D066ED27}"
	ProjectSection(SolutionItems) = preProject
		.gitignore = .gitignore
		b.bat = b.bat
		build-output.txt = build-output.txt
		custom-nant.build = custom-nant.build
		macrodefs.build = macrodefs.build
		Override.config = Override.config
		w.bat = w.bat
		white.build = white.build
	EndProjectSection
EndProject
Project("{FAE04EC0-301F-11D3-BF4B-00C04F79EFBC}") = "Recorder", "Recorder\Recorder.csproj", "{67FDDCB4-FABC-4273-B8DD-25EA930D0ADF}"
	ProjectSection(ProjectDependencies) = postProject
		{FCD3E92F-FEE9-414D-A460-09F7F685B83E} = {FCD3E92F-FEE9-414D-A460-09F7F685B83E}
		{12C59CE2-9CF7-44F4-B27C-90754609F979} = {12C59CE2-9CF7-44F4-B27C-90754609F979}
	EndProjectSection
EndProject
Project("{FAE04EC0-301F-11D3-BF4B-00C04F79EFBC}") = "Repository", "Repository\Repository.csproj", "{FCD3E92F-FEE9-414D-A460-09F7F685B83E}"
	ProjectSection(ProjectDependencies) = postProject
		{19FC2A6E-1C39-4DB8-AABF-A234FD6BC3FE} = {19FC2A6E-1C39-4DB8-AABF-A234FD6BC3FE}
		{12C59CE2-9CF7-44F4-B27C-90754609F979} = {12C59CE2-9CF7-44F4-B27C-90754609F979}
	EndProjectSection
EndProject
Project("{FAE04EC0-301F-11D3-BF4B-00C04F79EFBC}") = "Core", "Core\Core.csproj", "{12C59CE2-9CF7-44F4-B27C-90754609F979}"
	ProjectSection(ProjectDependencies) = postProject
		{EAC2EAA3-9C17-4F59-BC5B-89C2601D38AC} = {EAC2EAA3-9C17-4F59-BC5B-89C2601D38AC}
		{BDD325EF-D400-4A37-B4C6-D7BF150587C7} = {BDD325EF-D400-4A37-B4C6-D7BF150587C7}
	EndProjectSection
EndProject
Project("{FAE04EC0-301F-11D3-BF4B-00C04F79EFBC}") = "WinFormsTestApp", "WinFormsTestApp\WinFormsTestApp.csproj", "{BDD325EF-D400-4A37-B4C6-D7BF150587C7}"
EndProject
Project("{FAE04EC0-301F-11D3-BF4B-00C04F79EFBC}") = "Reporting", "Reporting\Reporting.csproj", "{19FC2A6E-1C39-4DB8-AABF-A234FD6BC3FE}"
	ProjectSection(ProjectDependencies) = postProject
		{12C59CE2-9CF7-44F4-B27C-90754609F979} = {12C59CE2-9CF7-44F4-B27C-90754609F979}
	EndProjectSection
EndProject
Project("{FAE04EC0-301F-11D3-BF4B-00C04F79EFBC}") = "White.NUnit", "White.NUnit\White.NUnit.csproj", "{0CD3A7F2-1FC8-4F02-AD66-2A3F95B1C546}"
EndProject
Project("{FAE04EC0-301F-11D3-BF4B-00C04F79EFBC}") = "NantBuild", "NantBuild\NantBuild.csproj", "{05CA24F3-190C-4EC6-B374-70302C8E8C2D}"
EndProject
Project("{FAE04EC0-301F-11D3-BF4B-00C04F79EFBC}") = "WPFTestApp", "WPFTestApp\WPFTestApp.csproj", "{EAC2EAA3-9C17-4F59-BC5B-89C2601D38AC}"
EndProject
Project("{FAE04EC0-301F-11D3-BF4B-00C04F79EFBC}") = "TestSilverlightApplication", "TestApplications\Silverlight\TestSilverlightApplication\TestSilverlightApplication.csproj", "{6907DB9C-D2B5-4A05-B0CE-77463754E890}"
EndProject
Project("{FAE04EC0-301F-11D3-BF4B-00C04F79EFBC}") = "TestSilverlightApplication.Web", "TestApplications\Silverlight\TestSilverlightApplication.Web\TestSilverlightApplication.Web.csproj", "{0B5429E3-1418-4C0F-B290-AFFE3B1FC88F}"
EndProject
Project("{FAE04EC0-301F-11D3-BF4B-00C04F79EFBC}") = "WebBrowser", "WebBrowser\WebBrowser.csproj", "{31F10CBC-B77C-4B58-8706-E8800FFC1D20}"
	ProjectSection(ProjectDependencies) = postProject
		{12C59CE2-9CF7-44F4-B27C-90754609F979} = {12C59CE2-9CF7-44F4-B27C-90754609F979}
	EndProjectSection
EndProject
Project("{FAE04EC0-301F-11D3-BF4B-00C04F79EFBC}") = "White.WPFCustomControls", "WPFCustomControls\White.WPFCustomControls.csproj", "{8513D286-87D2-459D-A713-2E583FB797F8}"
EndProject
Project("{FAE04EC0-301F-11D3-BF4B-00C04F79EFBC}") = "UnitTests", "UnitTests\UnitTests.csproj", "{7C7960B2-905D-409A-8068-B010A35BA151}"
EndProject
Project("{FAE04EC0-301F-11D3-BF4B-00C04F79EFBC}") = "NonCoreTests", "NonCoreTests\NonCoreTests.csproj", "{D190FA82-F8A2-4030-9B46-A12086FEF359}"
EndProject
Global
	GlobalSection(SolutionConfigurationPlatforms) = preSolution
		AutomatedDebug|.NET = AutomatedDebug|.NET
		AutomatedDebug|Any CPU = AutomatedDebug|Any CPU
		AutomatedDebug|Mixed Platforms = AutomatedDebug|Mixed Platforms
		AutomatedDebug|Win32 = AutomatedDebug|Win32
		Debug|.NET = Debug|.NET
		Debug|Any CPU = Debug|Any CPU
		Debug|Mixed Platforms = Debug|Mixed Platforms
		Debug|Win32 = Debug|Win32
		Release|.NET = Release|.NET
		Release|Any CPU = Release|Any CPU
		Release|Mixed Platforms = Release|Mixed Platforms
		Release|Win32 = Release|Win32
	EndGlobalSection
	GlobalSection(ProjectConfigurationPlatforms) = postSolution
		{67FDDCB4-FABC-4273-B8DD-25EA930D0ADF}.AutomatedDebug|.NET.ActiveCfg = Debug|Any CPU
		{67FDDCB4-FABC-4273-B8DD-25EA930D0ADF}.AutomatedDebug|Any CPU.ActiveCfg = Debug|Any CPU
		{67FDDCB4-FABC-4273-B8DD-25EA930D0ADF}.AutomatedDebug|Any CPU.Build.0 = Debug|Any CPU
		{67FDDCB4-FABC-4273-B8DD-25EA930D0ADF}.AutomatedDebug|Mixed Platforms.ActiveCfg = Debug|Any CPU
		{67FDDCB4-FABC-4273-B8DD-25EA930D0ADF}.AutomatedDebug|Mixed Platforms.Build.0 = Debug|Any CPU
		{67FDDCB4-FABC-4273-B8DD-25EA930D0ADF}.AutomatedDebug|Win32.ActiveCfg = Debug|Any CPU
		{67FDDCB4-FABC-4273-B8DD-25EA930D0ADF}.Debug|.NET.ActiveCfg = Debug|Any CPU
		{67FDDCB4-FABC-4273-B8DD-25EA930D0ADF}.Debug|Any CPU.ActiveCfg = Debug|Any CPU
		{67FDDCB4-FABC-4273-B8DD-25EA930D0ADF}.Debug|Any CPU.Build.0 = Debug|Any CPU
		{67FDDCB4-FABC-4273-B8DD-25EA930D0ADF}.Debug|Mixed Platforms.ActiveCfg = Debug|Any CPU
		{67FDDCB4-FABC-4273-B8DD-25EA930D0ADF}.Debug|Mixed Platforms.Build.0 = Debug|Any CPU
		{67FDDCB4-FABC-4273-B8DD-25EA930D0ADF}.Debug|Win32.ActiveCfg = Debug|Any CPU
		{67FDDCB4-FABC-4273-B8DD-25EA930D0ADF}.Release|.NET.ActiveCfg = Release|Any CPU
		{67FDDCB4-FABC-4273-B8DD-25EA930D0ADF}.Release|Any CPU.ActiveCfg = Release|Any CPU
		{67FDDCB4-FABC-4273-B8DD-25EA930D0ADF}.Release|Any CPU.Build.0 = Release|Any CPU
		{67FDDCB4-FABC-4273-B8DD-25EA930D0ADF}.Release|Mixed Platforms.ActiveCfg = Release|Any CPU
		{67FDDCB4-FABC-4273-B8DD-25EA930D0ADF}.Release|Mixed Platforms.Build.0 = Release|Any CPU
		{67FDDCB4-FABC-4273-B8DD-25EA930D0ADF}.Release|Win32.ActiveCfg = Release|Any CPU
		{FCD3E92F-FEE9-414D-A460-09F7F685B83E}.AutomatedDebug|.NET.ActiveCfg = Debug|Any CPU
		{FCD3E92F-FEE9-414D-A460-09F7F685B83E}.AutomatedDebug|Any CPU.ActiveCfg = Debug|Any CPU
		{FCD3E92F-FEE9-414D-A460-09F7F685B83E}.AutomatedDebug|Any CPU.Build.0 = Debug|Any CPU
		{FCD3E92F-FEE9-414D-A460-09F7F685B83E}.AutomatedDebug|Mixed Platforms.ActiveCfg = Debug|Any CPU
		{FCD3E92F-FEE9-414D-A460-09F7F685B83E}.AutomatedDebug|Mixed Platforms.Build.0 = Debug|Any CPU
		{FCD3E92F-FEE9-414D-A460-09F7F685B83E}.AutomatedDebug|Win32.ActiveCfg = Debug|Any CPU
		{FCD3E92F-FEE9-414D-A460-09F7F685B83E}.Debug|.NET.ActiveCfg = Debug|Any CPU
		{FCD3E92F-FEE9-414D-A460-09F7F685B83E}.Debug|Any CPU.ActiveCfg = Debug|Any CPU
		{FCD3E92F-FEE9-414D-A460-09F7F685B83E}.Debug|Any CPU.Build.0 = Debug|Any CPU
		{FCD3E92F-FEE9-414D-A460-09F7F685B83E}.Debug|Mixed Platforms.ActiveCfg = Debug|Any CPU
		{FCD3E92F-FEE9-414D-A460-09F7F685B83E}.Debug|Mixed Platforms.Build.0 = Debug|Any CPU
		{FCD3E92F-FEE9-414D-A460-09F7F685B83E}.Debug|Win32.ActiveCfg = Debug|Any CPU
		{FCD3E92F-FEE9-414D-A460-09F7F685B83E}.Release|.NET.ActiveCfg = Release|Any CPU
		{FCD3E92F-FEE9-414D-A460-09F7F685B83E}.Release|Any CPU.ActiveCfg = Release|Any CPU
		{FCD3E92F-FEE9-414D-A460-09F7F685B83E}.Release|Any CPU.Build.0 = Release|Any CPU
		{FCD3E92F-FEE9-414D-A460-09F7F685B83E}.Release|Mixed Platforms.ActiveCfg = Release|Any CPU
		{FCD3E92F-FEE9-414D-A460-09F7F685B83E}.Release|Mixed Platforms.Build.0 = Release|Any CPU
		{FCD3E92F-FEE9-414D-A460-09F7F685B83E}.Release|Win32.ActiveCfg = Release|Any CPU
		{12C59CE2-9CF7-44F4-B27C-90754609F979}.AutomatedDebug|.NET.ActiveCfg = Debug|Any CPU
		{12C59CE2-9CF7-44F4-B27C-90754609F979}.AutomatedDebug|Any CPU.ActiveCfg = Debug|Any CPU
		{12C59CE2-9CF7-44F4-B27C-90754609F979}.AutomatedDebug|Any CPU.Build.0 = Debug|Any CPU
		{12C59CE2-9CF7-44F4-B27C-90754609F979}.AutomatedDebug|Mixed Platforms.ActiveCfg = Debug|Any CPU
		{12C59CE2-9CF7-44F4-B27C-90754609F979}.AutomatedDebug|Mixed Platforms.Build.0 = Debug|Any CPU
		{12C59CE2-9CF7-44F4-B27C-90754609F979}.AutomatedDebug|Win32.ActiveCfg = Debug|Any CPU
		{12C59CE2-9CF7-44F4-B27C-90754609F979}.Debug|.NET.ActiveCfg = Debug|Any CPU
		{12C59CE2-9CF7-44F4-B27C-90754609F979}.Debug|Any CPU.ActiveCfg = Debug|Any CPU
		{12C59CE2-9CF7-44F4-B27C-90754609F979}.Debug|Any CPU.Build.0 = Debug|Any CPU
		{12C59CE2-9CF7-44F4-B27C-90754609F979}.Debug|Mixed Platforms.ActiveCfg = Debug|Any CPU
		{12C59CE2-9CF7-44F4-B27C-90754609F979}.Debug|Mixed Platforms.Build.0 = Debug|Any CPU
		{12C59CE2-9CF7-44F4-B27C-90754609F979}.Debug|Win32.ActiveCfg = Debug|Any CPU
		{12C59CE2-9CF7-44F4-B27C-90754609F979}.Release|.NET.ActiveCfg = Release|Any CPU
		{12C59CE2-9CF7-44F4-B27C-90754609F979}.Release|Any CPU.ActiveCfg = Release|Any CPU
		{12C59CE2-9CF7-44F4-B27C-90754609F979}.Release|Any CPU.Build.0 = Release|Any CPU
		{12C59CE2-9CF7-44F4-B27C-90754609F979}.Release|Mixed Platforms.ActiveCfg = Release|Any CPU
		{12C59CE2-9CF7-44F4-B27C-90754609F979}.Release|Mixed Platforms.Build.0 = Release|Any CPU
		{12C59CE2-9CF7-44F4-B27C-90754609F979}.Release|Win32.ActiveCfg = Release|Any CPU
		{BDD325EF-D400-4A37-B4C6-D7BF150587C7}.AutomatedDebug|.NET.ActiveCfg = Debug|Any CPU
		{BDD325EF-D400-4A37-B4C6-D7BF150587C7}.AutomatedDebug|Any CPU.ActiveCfg = Debug|Any CPU
		{BDD325EF-D400-4A37-B4C6-D7BF150587C7}.AutomatedDebug|Any CPU.Build.0 = Debug|Any CPU
		{BDD325EF-D400-4A37-B4C6-D7BF150587C7}.AutomatedDebug|Mixed Platforms.ActiveCfg = Debug|Any CPU
		{BDD325EF-D400-4A37-B4C6-D7BF150587C7}.AutomatedDebug|Mixed Platforms.Build.0 = Debug|Any CPU
		{BDD325EF-D400-4A37-B4C6-D7BF150587C7}.AutomatedDebug|Win32.ActiveCfg = Debug|Any CPU
		{BDD325EF-D400-4A37-B4C6-D7BF150587C7}.Debug|.NET.ActiveCfg = Debug|Any CPU
		{BDD325EF-D400-4A37-B4C6-D7BF150587C7}.Debug|Any CPU.ActiveCfg = Debug|Any CPU
		{BDD325EF-D400-4A37-B4C6-D7BF150587C7}.Debug|Any CPU.Build.0 = Debug|Any CPU
		{BDD325EF-D400-4A37-B4C6-D7BF150587C7}.Debug|Mixed Platforms.ActiveCfg = Debug|Any CPU
		{BDD325EF-D400-4A37-B4C6-D7BF150587C7}.Debug|Mixed Platforms.Build.0 = Debug|Any CPU
		{BDD325EF-D400-4A37-B4C6-D7BF150587C7}.Debug|Win32.ActiveCfg = Debug|Any CPU
		{BDD325EF-D400-4A37-B4C6-D7BF150587C7}.Release|.NET.ActiveCfg = Release|Any CPU
		{BDD325EF-D400-4A37-B4C6-D7BF150587C7}.Release|Any CPU.ActiveCfg = Release|Any CPU
		{BDD325EF-D400-4A37-B4C6-D7BF150587C7}.Release|Any CPU.Build.0 = Release|Any CPU
		{BDD325EF-D400-4A37-B4C6-D7BF150587C7}.Release|Mixed Platforms.ActiveCfg = Release|Any CPU
		{BDD325EF-D400-4A37-B4C6-D7BF150587C7}.Release|Mixed Platforms.Build.0 = Release|Any CPU
		{BDD325EF-D400-4A37-B4C6-D7BF150587C7}.Release|Win32.ActiveCfg = Release|Any CPU
		{19FC2A6E-1C39-4DB8-AABF-A234FD6BC3FE}.AutomatedDebug|.NET.ActiveCfg = Debug|Any CPU
		{19FC2A6E-1C39-4DB8-AABF-A234FD6BC3FE}.AutomatedDebug|Any CPU.ActiveCfg = Debug|Any CPU
		{19FC2A6E-1C39-4DB8-AABF-A234FD6BC3FE}.AutomatedDebug|Any CPU.Build.0 = Debug|Any CPU
		{19FC2A6E-1C39-4DB8-AABF-A234FD6BC3FE}.AutomatedDebug|Mixed Platforms.ActiveCfg = Debug|Any CPU
		{19FC2A6E-1C39-4DB8-AABF-A234FD6BC3FE}.AutomatedDebug|Mixed Platforms.Build.0 = Debug|Any CPU
		{19FC2A6E-1C39-4DB8-AABF-A234FD6BC3FE}.AutomatedDebug|Win32.ActiveCfg = Debug|Any CPU
		{19FC2A6E-1C39-4DB8-AABF-A234FD6BC3FE}.Debug|.NET.ActiveCfg = Debug|Any CPU
		{19FC2A6E-1C39-4DB8-AABF-A234FD6BC3FE}.Debug|Any CPU.ActiveCfg = Debug|Any CPU
		{19FC2A6E-1C39-4DB8-AABF-A234FD6BC3FE}.Debug|Any CPU.Build.0 = Debug|Any CPU
		{19FC2A6E-1C39-4DB8-AABF-A234FD6BC3FE}.Debug|Mixed Platforms.ActiveCfg = Debug|Any CPU
		{19FC2A6E-1C39-4DB8-AABF-A234FD6BC3FE}.Debug|Mixed Platforms.Build.0 = Debug|Any CPU
		{19FC2A6E-1C39-4DB8-AABF-A234FD6BC3FE}.Debug|Win32.ActiveCfg = Debug|Any CPU
		{19FC2A6E-1C39-4DB8-AABF-A234FD6BC3FE}.Release|.NET.ActiveCfg = Release|Any CPU
		{19FC2A6E-1C39-4DB8-AABF-A234FD6BC3FE}.Release|Any CPU.ActiveCfg = Release|Any CPU
		{19FC2A6E-1C39-4DB8-AABF-A234FD6BC3FE}.Release|Any CPU.Build.0 = Release|Any CPU
		{19FC2A6E-1C39-4DB8-AABF-A234FD6BC3FE}.Release|Mixed Platforms.ActiveCfg = Release|Any CPU
		{19FC2A6E-1C39-4DB8-AABF-A234FD6BC3FE}.Release|Mixed Platforms.Build.0 = Release|Any CPU
		{19FC2A6E-1C39-4DB8-AABF-A234FD6BC3FE}.Release|Win32.ActiveCfg = Release|Any CPU
		{0CD3A7F2-1FC8-4F02-AD66-2A3F95B1C546}.AutomatedDebug|.NET.ActiveCfg = Debug|Any CPU
		{0CD3A7F2-1FC8-4F02-AD66-2A3F95B1C546}.AutomatedDebug|Any CPU.ActiveCfg = Debug|Any CPU
		{0CD3A7F2-1FC8-4F02-AD66-2A3F95B1C546}.AutomatedDebug|Any CPU.Build.0 = Debug|Any CPU
		{0CD3A7F2-1FC8-4F02-AD66-2A3F95B1C546}.AutomatedDebug|Mixed Platforms.ActiveCfg = Debug|Any CPU
		{0CD3A7F2-1FC8-4F02-AD66-2A3F95B1C546}.AutomatedDebug|Mixed Platforms.Build.0 = Debug|Any CPU
		{0CD3A7F2-1FC8-4F02-AD66-2A3F95B1C546}.AutomatedDebug|Win32.ActiveCfg = Debug|Any CPU
		{0CD3A7F2-1FC8-4F02-AD66-2A3F95B1C546}.Debug|.NET.ActiveCfg = Debug|Any CPU
		{0CD3A7F2-1FC8-4F02-AD66-2A3F95B1C546}.Debug|Any CPU.ActiveCfg = Debug|Any CPU
		{0CD3A7F2-1FC8-4F02-AD66-2A3F95B1C546}.Debug|Any CPU.Build.0 = Debug|Any CPU
		{0CD3A7F2-1FC8-4F02-AD66-2A3F95B1C546}.Debug|Mixed Platforms.ActiveCfg = Debug|Any CPU
		{0CD3A7F2-1FC8-4F02-AD66-2A3F95B1C546}.Debug|Mixed Platforms.Build.0 = Debug|Any CPU
		{0CD3A7F2-1FC8-4F02-AD66-2A3F95B1C546}.Debug|Win32.ActiveCfg = Debug|Any CPU
		{0CD3A7F2-1FC8-4F02-AD66-2A3F95B1C546}.Release|.NET.ActiveCfg = Release|Any CPU
		{0CD3A7F2-1FC8-4F02-AD66-2A3F95B1C546}.Release|Any CPU.ActiveCfg = Release|Any CPU
		{0CD3A7F2-1FC8-4F02-AD66-2A3F95B1C546}.Release|Any CPU.Build.0 = Release|Any CPU
		{0CD3A7F2-1FC8-4F02-AD66-2A3F95B1C546}.Release|Mixed Platforms.ActiveCfg = Release|Any CPU
		{0CD3A7F2-1FC8-4F02-AD66-2A3F95B1C546}.Release|Mixed Platforms.Build.0 = Release|Any CPU
		{0CD3A7F2-1FC8-4F02-AD66-2A3F95B1C546}.Release|Win32.ActiveCfg = Release|Any CPU
		{05CA24F3-190C-4EC6-B374-70302C8E8C2D}.AutomatedDebug|.NET.ActiveCfg = Debug|Any CPU
		{05CA24F3-190C-4EC6-B374-70302C8E8C2D}.AutomatedDebug|Any CPU.ActiveCfg = Debug|Any CPU
		{05CA24F3-190C-4EC6-B374-70302C8E8C2D}.AutomatedDebug|Any CPU.Build.0 = Debug|Any CPU
		{05CA24F3-190C-4EC6-B374-70302C8E8C2D}.AutomatedDebug|Mixed Platforms.ActiveCfg = Debug|Any CPU
		{05CA24F3-190C-4EC6-B374-70302C8E8C2D}.AutomatedDebug|Mixed Platforms.Build.0 = Debug|Any CPU
		{05CA24F3-190C-4EC6-B374-70302C8E8C2D}.AutomatedDebug|Win32.ActiveCfg = Debug|Any CPU
		{05CA24F3-190C-4EC6-B374-70302C8E8C2D}.Debug|.NET.ActiveCfg = Debug|Any CPU
		{05CA24F3-190C-4EC6-B374-70302C8E8C2D}.Debug|Any CPU.ActiveCfg = Debug|Any CPU
		{05CA24F3-190C-4EC6-B374-70302C8E8C2D}.Debug|Any CPU.Build.0 = Debug|Any CPU
		{05CA24F3-190C-4EC6-B374-70302C8E8C2D}.Debug|Mixed Platforms.ActiveCfg = Debug|Any CPU
		{05CA24F3-190C-4EC6-B374-70302C8E8C2D}.Debug|Win32.ActiveCfg = Debug|Any CPU
		{05CA24F3-190C-4EC6-B374-70302C8E8C2D}.Release|.NET.ActiveCfg = Release|Any CPU
		{05CA24F3-190C-4EC6-B374-70302C8E8C2D}.Release|Any CPU.ActiveCfg = Release|Any CPU
		{05CA24F3-190C-4EC6-B374-70302C8E8C2D}.Release|Any CPU.Build.0 = Release|Any CPU
		{05CA24F3-190C-4EC6-B374-70302C8E8C2D}.Release|Mixed Platforms.ActiveCfg = Release|Any CPU
		{05CA24F3-190C-4EC6-B374-70302C8E8C2D}.Release|Mixed Platforms.Build.0 = Release|Any CPU
		{05CA24F3-190C-4EC6-B374-70302C8E8C2D}.Release|Win32.ActiveCfg = Release|Any CPU
		{EAC2EAA3-9C17-4F59-BC5B-89C2601D38AC}.AutomatedDebug|.NET.ActiveCfg = Debug|Any CPU
		{EAC2EAA3-9C17-4F59-BC5B-89C2601D38AC}.AutomatedDebug|Any CPU.ActiveCfg = Debug|Any CPU
		{EAC2EAA3-9C17-4F59-BC5B-89C2601D38AC}.AutomatedDebug|Any CPU.Build.0 = Debug|Any CPU
		{EAC2EAA3-9C17-4F59-BC5B-89C2601D38AC}.AutomatedDebug|Mixed Platforms.ActiveCfg = Debug|Any CPU
		{EAC2EAA3-9C17-4F59-BC5B-89C2601D38AC}.AutomatedDebug|Mixed Platforms.Build.0 = Debug|Any CPU
		{EAC2EAA3-9C17-4F59-BC5B-89C2601D38AC}.AutomatedDebug|Win32.ActiveCfg = Debug|Any CPU
		{EAC2EAA3-9C17-4F59-BC5B-89C2601D38AC}.Debug|.NET.ActiveCfg = Debug|Any CPU
		{EAC2EAA3-9C17-4F59-BC5B-89C2601D38AC}.Debug|Any CPU.ActiveCfg = Debug|Any CPU
		{EAC2EAA3-9C17-4F59-BC5B-89C2601D38AC}.Debug|Any CPU.Build.0 = Debug|Any CPU
		{EAC2EAA3-9C17-4F59-BC5B-89C2601D38AC}.Debug|Mixed Platforms.ActiveCfg = Debug|Any CPU
		{EAC2EAA3-9C17-4F59-BC5B-89C2601D38AC}.Debug|Mixed Platforms.Build.0 = Debug|Any CPU
		{EAC2EAA3-9C17-4F59-BC5B-89C2601D38AC}.Debug|Win32.ActiveCfg = Debug|Any CPU
		{EAC2EAA3-9C17-4F59-BC5B-89C2601D38AC}.Release|.NET.ActiveCfg = Release|Any CPU
		{EAC2EAA3-9C17-4F59-BC5B-89C2601D38AC}.Release|Any CPU.ActiveCfg = Release|Any CPU
		{EAC2EAA3-9C17-4F59-BC5B-89C2601D38AC}.Release|Any CPU.Build.0 = Release|Any CPU
		{EAC2EAA3-9C17-4F59-BC5B-89C2601D38AC}.Release|Mixed Platforms.ActiveCfg = Release|Any CPU
		{EAC2EAA3-9C17-4F59-BC5B-89C2601D38AC}.Release|Mixed Platforms.Build.0 = Release|Any CPU
		{EAC2EAA3-9C17-4F59-BC5B-89C2601D38AC}.Release|Win32.ActiveCfg = Release|Any CPU
		{6907DB9C-D2B5-4A05-B0CE-77463754E890}.AutomatedDebug|.NET.ActiveCfg = Debug|Any CPU
		{6907DB9C-D2B5-4A05-B0CE-77463754E890}.AutomatedDebug|Any CPU.ActiveCfg = Debug|Any CPU
		{6907DB9C-D2B5-4A05-B0CE-77463754E890}.AutomatedDebug|Any CPU.Build.0 = Debug|Any CPU
		{6907DB9C-D2B5-4A05-B0CE-77463754E890}.AutomatedDebug|Mixed Platforms.ActiveCfg = Debug|Any CPU
		{6907DB9C-D2B5-4A05-B0CE-77463754E890}.AutomatedDebug|Mixed Platforms.Build.0 = Debug|Any CPU
		{6907DB9C-D2B5-4A05-B0CE-77463754E890}.AutomatedDebug|Win32.ActiveCfg = Debug|Any CPU
		{6907DB9C-D2B5-4A05-B0CE-77463754E890}.Debug|.NET.ActiveCfg = Debug|Any CPU
		{6907DB9C-D2B5-4A05-B0CE-77463754E890}.Debug|Any CPU.ActiveCfg = Debug|Any CPU
		{6907DB9C-D2B5-4A05-B0CE-77463754E890}.Debug|Any CPU.Build.0 = Debug|Any CPU
		{6907DB9C-D2B5-4A05-B0CE-77463754E890}.Debug|Mixed Platforms.ActiveCfg = Debug|Any CPU
		{6907DB9C-D2B5-4A05-B0CE-77463754E890}.Debug|Mixed Platforms.Build.0 = Debug|Any CPU
		{6907DB9C-D2B5-4A05-B0CE-77463754E890}.Debug|Win32.ActiveCfg = Debug|Any CPU
		{6907DB9C-D2B5-4A05-B0CE-77463754E890}.Release|.NET.ActiveCfg = Release|Any CPU
		{6907DB9C-D2B5-4A05-B0CE-77463754E890}.Release|Any CPU.ActiveCfg = Release|Any CPU
		{6907DB9C-D2B5-4A05-B0CE-77463754E890}.Release|Any CPU.Build.0 = Release|Any CPU
		{6907DB9C-D2B5-4A05-B0CE-77463754E890}.Release|Mixed Platforms.ActiveCfg = Release|Any CPU
		{6907DB9C-D2B5-4A05-B0CE-77463754E890}.Release|Mixed Platforms.Build.0 = Release|Any CPU
		{6907DB9C-D2B5-4A05-B0CE-77463754E890}.Release|Win32.ActiveCfg = Release|Any CPU
		{0B5429E3-1418-4C0F-B290-AFFE3B1FC88F}.AutomatedDebug|.NET.ActiveCfg = Debug|Any CPU
		{0B5429E3-1418-4C0F-B290-AFFE3B1FC88F}.AutomatedDebug|Any CPU.ActiveCfg = Debug|Any CPU
		{0B5429E3-1418-4C0F-B290-AFFE3B1FC88F}.AutomatedDebug|Any CPU.Build.0 = Debug|Any CPU
		{0B5429E3-1418-4C0F-B290-AFFE3B1FC88F}.AutomatedDebug|Mixed Platforms.ActiveCfg = Debug|Any CPU
		{0B5429E3-1418-4C0F-B290-AFFE3B1FC88F}.AutomatedDebug|Mixed Platforms.Build.0 = Debug|Any CPU
		{0B5429E3-1418-4C0F-B290-AFFE3B1FC88F}.AutomatedDebug|Win32.ActiveCfg = Debug|Any CPU
		{0B5429E3-1418-4C0F-B290-AFFE3B1FC88F}.Debug|.NET.ActiveCfg = Debug|Any CPU
		{0B5429E3-1418-4C0F-B290-AFFE3B1FC88F}.Debug|Any CPU.ActiveCfg = Debug|Any CPU
		{0B5429E3-1418-4C0F-B290-AFFE3B1FC88F}.Debug|Any CPU.Build.0 = Debug|Any CPU
		{0B5429E3-1418-4C0F-B290-AFFE3B1FC88F}.Debug|Mixed Platforms.ActiveCfg = Debug|Any CPU
		{0B5429E3-1418-4C0F-B290-AFFE3B1FC88F}.Debug|Mixed Platforms.Build.0 = Debug|Any CPU
		{0B5429E3-1418-4C0F-B290-AFFE3B1FC88F}.Debug|Win32.ActiveCfg = Debug|Any CPU
		{0B5429E3-1418-4C0F-B290-AFFE3B1FC88F}.Release|.NET.ActiveCfg = Release|Any CPU
		{0B5429E3-1418-4C0F-B290-AFFE3B1FC88F}.Release|Any CPU.ActiveCfg = Release|Any CPU
		{0B5429E3-1418-4C0F-B290-AFFE3B1FC88F}.Release|Any CPU.Build.0 = Release|Any CPU
		{0B5429E3-1418-4C0F-B290-AFFE3B1FC88F}.Release|Mixed Platforms.ActiveCfg = Release|Any CPU
		{0B5429E3-1418-4C0F-B290-AFFE3B1FC88F}.Release|Mixed Platforms.Build.0 = Release|Any CPU
		{0B5429E3-1418-4C0F-B290-AFFE3B1FC88F}.Release|Win32.ActiveCfg = Release|Any CPU
		{31F10CBC-B77C-4B58-8706-E8800FFC1D20}.AutomatedDebug|.NET.ActiveCfg = Debug|Any CPU
		{31F10CBC-B77C-4B58-8706-E8800FFC1D20}.AutomatedDebug|Any CPU.ActiveCfg = Debug|Any CPU
		{31F10CBC-B77C-4B58-8706-E8800FFC1D20}.AutomatedDebug|Any CPU.Build.0 = Debug|Any CPU
		{31F10CBC-B77C-4B58-8706-E8800FFC1D20}.AutomatedDebug|Mixed Platforms.ActiveCfg = Debug|Any CPU
		{31F10CBC-B77C-4B58-8706-E8800FFC1D20}.AutomatedDebug|Mixed Platforms.Build.0 = Debug|Any CPU
		{31F10CBC-B77C-4B58-8706-E8800FFC1D20}.AutomatedDebug|Win32.ActiveCfg = Debug|Any CPU
		{31F10CBC-B77C-4B58-8706-E8800FFC1D20}.Debug|.NET.ActiveCfg = Debug|Any CPU
		{31F10CBC-B77C-4B58-8706-E8800FFC1D20}.Debug|Any CPU.ActiveCfg = Debug|Any CPU
		{31F10CBC-B77C-4B58-8706-E8800FFC1D20}.Debug|Any CPU.Build.0 = Debug|Any CPU
		{31F10CBC-B77C-4B58-8706-E8800FFC1D20}.Debug|Mixed Platforms.ActiveCfg = Debug|Any CPU
		{31F10CBC-B77C-4B58-8706-E8800FFC1D20}.Debug|Mixed Platforms.Build.0 = Debug|Any CPU
		{31F10CBC-B77C-4B58-8706-E8800FFC1D20}.Debug|Win32.ActiveCfg = Debug|Any CPU
		{31F10CBC-B77C-4B58-8706-E8800FFC1D20}.Release|.NET.ActiveCfg = Release|Any CPU
		{31F10CBC-B77C-4B58-8706-E8800FFC1D20}.Release|Any CPU.ActiveCfg = Release|Any CPU
		{31F10CBC-B77C-4B58-8706-E8800FFC1D20}.Release|Any CPU.Build.0 = Release|Any CPU
		{31F10CBC-B77C-4B58-8706-E8800FFC1D20}.Release|Mixed Platforms.ActiveCfg = Release|Any CPU
		{31F10CBC-B77C-4B58-8706-E8800FFC1D20}.Release|Mixed Platforms.Build.0 = Release|Any CPU
		{31F10CBC-B77C-4B58-8706-E8800FFC1D20}.Release|Win32.ActiveCfg = Release|Any CPU
		{8513D286-87D2-459D-A713-2E583FB797F8}.AutomatedDebug|.NET.ActiveCfg = Debug|Any CPU
		{8513D286-87D2-459D-A713-2E583FB797F8}.AutomatedDebug|Any CPU.ActiveCfg = Debug|Any CPU
		{8513D286-87D2-459D-A713-2E583FB797F8}.AutomatedDebug|Any CPU.Build.0 = Debug|Any CPU
		{8513D286-87D2-459D-A713-2E583FB797F8}.AutomatedDebug|Mixed Platforms.ActiveCfg = Debug|Any CPU
		{8513D286-87D2-459D-A713-2E583FB797F8}.AutomatedDebug|Mixed Platforms.Build.0 = Debug|Any CPU
		{8513D286-87D2-459D-A713-2E583FB797F8}.AutomatedDebug|Win32.ActiveCfg = Debug|Any CPU
		{8513D286-87D2-459D-A713-2E583FB797F8}.Debug|.NET.ActiveCfg = Debug|Any CPU
		{8513D286-87D2-459D-A713-2E583FB797F8}.Debug|Any CPU.ActiveCfg = Debug|Any CPU
		{8513D286-87D2-459D-A713-2E583FB797F8}.Debug|Any CPU.Build.0 = Debug|Any CPU
		{8513D286-87D2-459D-A713-2E583FB797F8}.Debug|Mixed Platforms.ActiveCfg = Debug|Any CPU
		{8513D286-87D2-459D-A713-2E583FB797F8}.Debug|Mixed Platforms.Build.0 = Debug|Any CPU
		{8513D286-87D2-459D-A713-2E583FB797F8}.Debug|Win32.ActiveCfg = Debug|Any CPU
		{8513D286-87D2-459D-A713-2E583FB797F8}.Release|.NET.ActiveCfg = Release|Any CPU
		{8513D286-87D2-459D-A713-2E583FB797F8}.Release|Any CPU.ActiveCfg = Release|Any CPU
		{8513D286-87D2-459D-A713-2E583FB797F8}.Release|Any CPU.Build.0 = Release|Any CPU
		{8513D286-87D2-459D-A713-2E583FB797F8}.Release|Mixed Platforms.ActiveCfg = Release|Any CPU
		{8513D286-87D2-459D-A713-2E583FB797F8}.Release|Mixed Platforms.Build.0 = Release|Any CPU
		{8513D286-87D2-459D-A713-2E583FB797F8}.Release|Win32.ActiveCfg = Release|Any CPU
		{7C7960B2-905D-409A-8068-B010A35BA151}.AutomatedDebug|.NET.ActiveCfg = Debug|Any CPU
		{7C7960B2-905D-409A-8068-B010A35BA151}.AutomatedDebug|Any CPU.ActiveCfg = Debug|Any CPU
		{7C7960B2-905D-409A-8068-B010A35BA151}.AutomatedDebug|Any CPU.Build.0 = Debug|Any CPU
		{7C7960B2-905D-409A-8068-B010A35BA151}.AutomatedDebug|Mixed Platforms.ActiveCfg = Debug|Any CPU
		{7C7960B2-905D-409A-8068-B010A35BA151}.AutomatedDebug|Mixed Platforms.Build.0 = Debug|Any CPU
		{7C7960B2-905D-409A-8068-B010A35BA151}.AutomatedDebug|Win32.ActiveCfg = Debug|Any CPU
		{7C7960B2-905D-409A-8068-B010A35BA151}.Debug|.NET.ActiveCfg = Debug|Any CPU
		{7C7960B2-905D-409A-8068-B010A35BA151}.Debug|Any CPU.ActiveCfg = Debug|Any CPU
		{7C7960B2-905D-409A-8068-B010A35BA151}.Debug|Any CPU.Build.0 = Debug|Any CPU
		{7C7960B2-905D-409A-8068-B010A35BA151}.Debug|Mixed Platforms.ActiveCfg = Debug|Any CPU
		{7C7960B2-905D-409A-8068-B010A35BA151}.Debug|Mixed Platforms.Build.0 = Debug|Any CPU
		{7C7960B2-905D-409A-8068-B010A35BA151}.Debug|Win32.ActiveCfg = Debug|Any CPU
		{7C7960B2-905D-409A-8068-B010A35BA151}.Release|.NET.ActiveCfg = Release|Any CPU
		{7C7960B2-905D-409A-8068-B010A35BA151}.Release|Any CPU.ActiveCfg = Release|Any CPU
		{7C7960B2-905D-409A-8068-B010A35BA151}.Release|Any CPU.Build.0 = Release|Any CPU
		{7C7960B2-905D-409A-8068-B010A35BA151}.Release|Mixed Platforms.ActiveCfg = Release|Any CPU
		{7C7960B2-905D-409A-8068-B010A35BA151}.Release|Mixed Platforms.Build.0 = Release|Any CPU
		{7C7960B2-905D-409A-8068-B010A35BA151}.Release|Win32.ActiveCfg = Release|Any CPU
		{D190FA82-F8A2-4030-9B46-A12086FEF359}.AutomatedDebug|.NET.ActiveCfg = Debug|Any CPU
		{D190FA82-F8A2-4030-9B46-A12086FEF359}.AutomatedDebug|Any CPU.ActiveCfg = Debug|Any CPU
		{D190FA82-F8A2-4030-9B46-A12086FEF359}.AutomatedDebug|Any CPU.Build.0 = Debug|Any CPU
		{D190FA82-F8A2-4030-9B46-A12086FEF359}.AutomatedDebug|Mixed Platforms.ActiveCfg = Debug|Any CPU
		{D190FA82-F8A2-4030-9B46-A12086FEF359}.AutomatedDebug|Mixed Platforms.Build.0 = Debug|Any CPU
		{D190FA82-F8A2-4030-9B46-A12086FEF359}.AutomatedDebug|Win32.ActiveCfg = Debug|Any CPU
		{D190FA82-F8A2-4030-9B46-A12086FEF359}.Debug|.NET.ActiveCfg = Debug|Any CPU
		{D190FA82-F8A2-4030-9B46-A12086FEF359}.Debug|Any CPU.ActiveCfg = Debug|Any CPU
		{D190FA82-F8A2-4030-9B46-A12086FEF359}.Debug|Any CPU.Build.0 = Debug|Any CPU
		{D190FA82-F8A2-4030-9B46-A12086FEF359}.Debug|Mixed Platforms.ActiveCfg = Debug|Any CPU
		{D190FA82-F8A2-4030-9B46-A12086FEF359}.Debug|Mixed Platforms.Build.0 = Debug|Any CPU
		{D190FA82-F8A2-4030-9B46-A12086FEF359}.Debug|Win32.ActiveCfg = Debug|Any CPU
		{D190FA82-F8A2-4030-9B46-A12086FEF359}.Release|.NET.ActiveCfg = Release|Any CPU
		{D190FA82-F8A2-4030-9B46-A12086FEF359}.Release|Any CPU.ActiveCfg = Release|Any CPU
		{D190FA82-F8A2-4030-9B46-A12086FEF359}.Release|Any CPU.Build.0 = Release|Any CPU
		{D190FA82-F8A2-4030-9B46-A12086FEF359}.Release|Mixed Platforms.ActiveCfg = Release|Any CPU
		{D190FA82-F8A2-4030-9B46-A12086FEF359}.Release|Mixed Platforms.Build.0 = Release|Any CPU
		{D190FA82-F8A2-4030-9B46-A12086FEF359}.Release|Win32.ActiveCfg = Release|Any CPU
	EndGlobalSection
	GlobalSection(SolutionProperties) = preSolution
		HideSolutionNode = FALSE
	EndGlobalSection
EndGlobal
