Microsoft Visual Studio Solution File, Format Version 10.00
# Visual Studio 2008
Project("{FAE04EC0-301F-11D3-BF4B-00C04F79EFBC}") = "WebBrowser", "Source\WebBrowser.csproj", "{31F10CBC-B77C-4B58-8706-E8800FFC1D20}"
EndProject
Project("{FAE04EC0-301F-11D3-BF4B-00C04F79EFBC}") = "White.WebBrowser.UnitTests", "Tests\UnitTests\White.WebBrowser.UnitTests.csproj", "{1799B721-B2C1-41DE-9DD2-650A608A1D2B}"
EndProject
Project("{FAE04EC0-301F-11D3-BF4B-00C04F79EFBC}") = "White.WebBrowser.UITests", "Tests\UITests\White.WebBrowser.UITests.csproj", "{FF4C5653-D6B8-4E17-82B1-E23D52F1C49F}"
EndProject
Project("{FAE04EC0-301F-11D3-BF4B-00C04F79EFBC}") = "TestSilverlightApplication", "Tests\TestSilverlightApplication\TestSilverlightApplication.csproj", "{6907DB9C-D2B5-4A05-B0CE-77463754E890}"
EndProject
Project("{FAE04EC0-301F-11D3-BF4B-00C04F79EFBC}") = "TestSilverlightApplication.Web", "Tests\TestSilverlightApplication.Web\TestSilverlightApplication.Web.csproj", "{0B5429E3-1418-4C0F-B290-AFFE3B1FC88F}"
EndProject
Global
	GlobalSection(SolutionConfigurationPlatforms) = preSolution
		Debug|Any CPU = Debug|Any CPU
		Release|Any CPU = Release|Any CPU
	EndGlobalSection
	GlobalSection(ProjectConfigurationPlatforms) = postSolution
		{31F10CBC-B77C-4B58-8706-E8800FFC1D20}.Debug|Any CPU.ActiveCfg = Debug|Any CPU
		{31F10CBC-B77C-4B58-8706-E8800FFC1D20}.Debug|Any CPU.Build.0 = Debug|Any CPU
		{31F10CBC-B77C-4B58-8706-E8800FFC1D20}.Release|Any CPU.ActiveCfg = Release|Any CPU
		{31F10CBC-B77C-4B58-8706-E8800FFC1D20}.Release|Any CPU.Build.0 = Release|Any CPU
		{1799B721-B2C1-41DE-9DD2-650A608A1D2B}.Debug|Any CPU.ActiveCfg = Debug|Any CPU
		{1799B721-B2C1-41DE-9DD2-650A608A1D2B}.Debug|Any CPU.Build.0 = Debug|Any CPU
		{1799B721-B2C1-41DE-9DD2-650A608A1D2B}.Release|Any CPU.ActiveCfg = Release|Any CPU
		{1799B721-B2C1-41DE-9DD2-650A608A1D2B}.Release|Any CPU.Build.0 = Release|Any CPU
		{FF4C5653-D6B8-4E17-82B1-E23D52F1C49F}.Debug|Any CPU.ActiveCfg = Debug|Any CPU
		{FF4C5653-D6B8-4E17-82B1-E23D52F1C49F}.Debug|Any CPU.Build.0 = Debug|Any CPU
		{FF4C5653-D6B8-4E17-82B1-E23D52F1C49F}.Release|Any CPU.ActiveCfg = Release|Any CPU
		{FF4C5653-D6B8-4E17-82B1-E23D52F1C49F}.Release|Any CPU.Build.0 = Release|Any CPU
		{6907DB9C-D2B5-4A05-B0CE-77463754E890}.Debug|Any CPU.ActiveCfg = Debug|Any CPU
		{6907DB9C-D2B5-4A05-B0CE-77463754E890}.Debug|Any CPU.Build.0 = Debug|Any CPU
		{6907DB9C-D2B5-4A05-B0CE-77463754E890}.Release|Any CPU.ActiveCfg = Release|Any CPU
		{6907DB9C-D2B5-4A05-B0CE-77463754E890}.Release|Any CPU.Build.0 = Release|Any CPU
		{0B5429E3-1418-4C0F-B290-AFFE3B1FC88F}.Debug|Any CPU.ActiveCfg = Debug|Any CPU
		{0B5429E3-1418-4C0F-B290-AFFE3B1FC88F}.Debug|Any CPU.Build.0 = Debug|Any CPU
		{0B5429E3-1418-4C0F-B290-AFFE3B1FC88F}.Release|Any CPU.ActiveCfg = Release|Any CPU
		{0B5429E3-1418-4C0F-B290-AFFE3B1FC88F}.Release|Any CPU.Build.0 = Release|Any CPU
	EndGlobalSection
	GlobalSection(SolutionProperties) = preSolution
		HideSolutionNode = FALSE
	EndGlobalSection
EndGlobal
