Microsoft Visual Studio Solution File, Format Version 10.00
# Visual Studio 2008
Project("{FAE04EC0-301F-11D3-BF4B-00C04F79EFBC}") = "White.NUnit", "Source\White.NUnit.csproj", "{0CD3A7F2-1FC8-4F02-AD66-2A3F95B1C546}"
EndProject
Project("{FAE04EC0-301F-11D3-BF4B-00C04F79EFBC}") = "White.White-NUnit.UnitTests", "Tests\UnitTests\White.White-NUnit.UnitTests.csproj", "{8729FCC8-D69B-4A64-AAF7-B908ABCD77B2}"
EndProject
Global
	GlobalSection(SolutionConfigurationPlatforms) = preSolution
		Debug|Any CPU = Debug|Any CPU
		Release|Any CPU = Release|Any CPU
	EndGlobalSection
	GlobalSection(ProjectConfigurationPlatforms) = postSolution
		{0CD3A7F2-1FC8-4F02-AD66-2A3F95B1C546}.Debug|Any CPU.ActiveCfg = Debug|Any CPU
		{0CD3A7F2-1FC8-4F02-AD66-2A3F95B1C546}.Debug|Any CPU.Build.0 = Debug|Any CPU
		{0CD3A7F2-1FC8-4F02-AD66-2A3F95B1C546}.Release|Any CPU.ActiveCfg = Release|Any CPU
		{0CD3A7F2-1FC8-4F02-AD66-2A3F95B1C546}.Release|Any CPU.Build.0 = Release|Any CPU
		{8729FCC8-D69B-4A64-AAF7-B908ABCD77B2}.Debug|Any CPU.ActiveCfg = Debug|Any CPU
		{8729FCC8-D69B-4A64-AAF7-B908ABCD77B2}.Debug|Any CPU.Build.0 = Debug|Any CPU
		{8729FCC8-D69B-4A64-AAF7-B908ABCD77B2}.Release|Any CPU.ActiveCfg = Release|Any CPU
		{8729FCC8-D69B-4A64-AAF7-B908ABCD77B2}.Release|Any CPU.Build.0 = Release|Any CPU
	EndGlobalSection
	GlobalSection(SolutionProperties) = preSolution
		HideSolutionNode = FALSE
	EndGlobalSection
EndGlobal
