Microsoft Visual Studio Solution File, Format Version 10.00
# Visual Studio 2008
Project("{FAE04EC0-301F-11D3-BF4B-00C04F79EFBC}") = "CustomControls", "Source\CustomControls\CustomControls.csproj", "{8513D286-87D2-459D-A713-2E583FB797F8}"
EndProject
Project("{FAE04EC0-301F-11D3-BF4B-00C04F79EFBC}") = "CustomControls.Silverlight", "Source\CustomControls\CustomControls.Silverlight.csproj", "{683DEA2B-BE16-4643-B7E7-9AFF595B60C3}"
EndProject
Project("{FAE04EC0-301F-11D3-BF4B-00C04F79EFBC}") = "CustomControlPeers", "Source\CustomControlPeers\CustomControlPeers.csproj", "{E73299E0-35A0-4923-B0DD-93B6744EE75E}"
EndProject
Project("{FAE04EC0-301F-11D3-BF4B-00C04F79EFBC}") = "CustomControlPeers.Silverlight", "Source\CustomControlPeers\CustomControlPeers.Silverlight.csproj", "{ED8E108C-4469-4D07-B60F-436178EB5E2C}"
EndProject
Project("{FAE04EC0-301F-11D3-BF4B-00C04F79EFBC}") = "White.CustomControls.Tests", "Tests\White.CustomControls.Tests.csproj", "{9F509E89-5158-4095-B3D8-53FE00027363}"
EndProject
Global
	GlobalSection(SolutionConfigurationPlatforms) = preSolution
		Debug|Any CPU = Debug|Any CPU
		Release|Any CPU = Release|Any CPU
	EndGlobalSection
	GlobalSection(ProjectConfigurationPlatforms) = postSolution
		{8513D286-87D2-459D-A713-2E583FB797F8}.Debug|Any CPU.ActiveCfg = Debug|Any CPU
		{8513D286-87D2-459D-A713-2E583FB797F8}.Debug|Any CPU.Build.0 = Debug|Any CPU
		{8513D286-87D2-459D-A713-2E583FB797F8}.Release|Any CPU.ActiveCfg = Release|Any CPU
		{8513D286-87D2-459D-A713-2E583FB797F8}.Release|Any CPU.Build.0 = Release|Any CPU
		{683DEA2B-BE16-4643-B7E7-9AFF595B60C3}.Debug|Any CPU.ActiveCfg = Debug|Any CPU
		{683DEA2B-BE16-4643-B7E7-9AFF595B60C3}.Debug|Any CPU.Build.0 = Debug|Any CPU
		{683DEA2B-BE16-4643-B7E7-9AFF595B60C3}.Release|Any CPU.ActiveCfg = Release|Any CPU
		{683DEA2B-BE16-4643-B7E7-9AFF595B60C3}.Release|Any CPU.Build.0 = Release|Any CPU
		{E73299E0-35A0-4923-B0DD-93B6744EE75E}.Debug|Any CPU.ActiveCfg = Debug|Any CPU
		{E73299E0-35A0-4923-B0DD-93B6744EE75E}.Debug|Any CPU.Build.0 = Debug|Any CPU
		{E73299E0-35A0-4923-B0DD-93B6744EE75E}.Release|Any CPU.ActiveCfg = Release|Any CPU
		{E73299E0-35A0-4923-B0DD-93B6744EE75E}.Release|Any CPU.Build.0 = Release|Any CPU
		{ED8E108C-4469-4D07-B60F-436178EB5E2C}.Debug|Any CPU.ActiveCfg = Debug|Any CPU
		{ED8E108C-4469-4D07-B60F-436178EB5E2C}.Debug|Any CPU.Build.0 = Debug|Any CPU
		{ED8E108C-4469-4D07-B60F-436178EB5E2C}.Release|Any CPU.ActiveCfg = Release|Any CPU
		{ED8E108C-4469-4D07-B60F-436178EB5E2C}.Release|Any CPU.Build.0 = Release|Any CPU
		{9F509E89-5158-4095-B3D8-53FE00027363}.Debug|Any CPU.ActiveCfg = Debug|Any CPU
		{9F509E89-5158-4095-B3D8-53FE00027363}.Debug|Any CPU.Build.0 = Debug|Any CPU
		{9F509E89-5158-4095-B3D8-53FE00027363}.Release|Any CPU.ActiveCfg = Release|Any CPU
		{9F509E89-5158-4095-B3D8-53FE00027363}.Release|Any CPU.Build.0 = Release|Any CPU
	EndGlobalSection
	GlobalSection(SolutionProperties) = preSolution
		HideSolutionNode = FALSE
	EndGlobalSection
EndGlobal
