Microsoft Visual Studio Solution File, Format Version 10.00
# Visual Studio 2008
Project("{FAE04EC0-301F-11D3-BF4B-00C04F79EFBC}") = "Reporting", "Source\Reporting.csproj", "{19FC2A6E-1C39-4DB8-AABF-A234FD6BC3FE}"
EndProject
Project("{FAE04EC0-301F-11D3-BF4B-00C04F79EFBC}") = "White.Reporting.UnitTests", "Tests\White.Reporting.UnitTests.csproj", "{2C48DDD5-11AD-4959-AA76-8D1D90484CD2}"
EndProject
Global
	GlobalSection(SolutionConfigurationPlatforms) = preSolution
		Debug|Any CPU = Debug|Any CPU
		Release|Any CPU = Release|Any CPU
	EndGlobalSection
	GlobalSection(ProjectConfigurationPlatforms) = postSolution
		{19FC2A6E-1C39-4DB8-AABF-A234FD6BC3FE}.Debug|Any CPU.ActiveCfg = Debug|Any CPU
		{19FC2A6E-1C39-4DB8-AABF-A234FD6BC3FE}.Debug|Any CPU.Build.0 = Debug|Any CPU
		{19FC2A6E-1C39-4DB8-AABF-A234FD6BC3FE}.Release|Any CPU.ActiveCfg = Release|Any CPU
		{19FC2A6E-1C39-4DB8-AABF-A234FD6BC3FE}.Release|Any CPU.Build.0 = Release|Any CPU
		{2C48DDD5-11AD-4959-AA76-8D1D90484CD2}.Debug|Any CPU.ActiveCfg = Debug|Any CPU
		{2C48DDD5-11AD-4959-AA76-8D1D90484CD2}.Debug|Any CPU.Build.0 = Debug|Any CPU
		{2C48DDD5-11AD-4959-AA76-8D1D90484CD2}.Release|Any CPU.ActiveCfg = Release|Any CPU
		{2C48DDD5-11AD-4959-AA76-8D1D90484CD2}.Release|Any CPU.Build.0 = Release|Any CPU
	EndGlobalSection
	GlobalSection(SolutionProperties) = preSolution
		HideSolutionNode = FALSE
	EndGlobalSection
EndGlobal
