Microsoft Visual Studio Solution File, Format Version 12.00
# Visual Studio 2013
VisualStudioVersion = 12.0.20617.1 PREVIEW
MinimumVisualStudioVersion = 10.0.40219.1
Project("{2150E333-8FDC-42A3-9474-1A3956D46DE8}") = "Solution Items", "Solution Items", "{1BCBA4C4-8C47-496C-B0D4-FDE9D066ED27}"
	ProjectSection(SolutionItems) = preProject
		..\Build.cmd = ..\Build.cmd
		..\Changes.txt = ..\Changes.txt
		..\White.proj = ..\White.proj
	EndProjectSection
EndProject
Project("{2150E333-8FDC-42A3-9474-1A3956D46DE8}") = "TestApps", "TestApps", "{1AF6AEE7-C9D5-4B05-BEFE-AB61D83667D4}"
EndProject
Project("{2150E333-8FDC-42A3-9474-1A3956D46DE8}") = ".nuget", ".nuget", "{87CF3A77-853B-40BD-ABFF-829DBB39D6AB}"
	ProjectSection(SolutionItems) = preProject
		.nuget\NuGet.Config = .nuget\NuGet.Config
		.nuget\NuGet.exe = .nuget\NuGet.exe
		.nuget\NuGet.targets = .nuget\NuGet.targets
	EndProjectSection
EndProject
Project("{FAE04EC0-301F-11D3-BF4B-00C04F79EFBC}") = "TestStack.White", "TestStack.White\TestStack.White.csproj", "{12C59CE2-9CF7-44F4-B27C-90754609F979}"
EndProject
Project("{FAE04EC0-301F-11D3-BF4B-00C04F79EFBC}") = "TestStack.White.UnitTests", "TestStack.White.UnitTests\TestStack.White.UnitTests.csproj", "{7C7960B2-905D-409A-8068-B010A35BA151}"
EndProject
Project("{FAE04EC0-301F-11D3-BF4B-00C04F79EFBC}") = "WinFormsTestApp.Old", "TestApplications\WinFormsTestApp\WinFormsTestApp.Old.csproj", "{BDD325EF-D400-4A37-B4C6-D7BF150587C7}"
EndProject
Project("{FAE04EC0-301F-11D3-BF4B-00C04F79EFBC}") = "WPFTestApp.Old", "TestApplications\WPFTestApp\WPFTestApp.Old.csproj", "{EAC2EAA3-9C17-4F59-BC5B-89C2601D38AC}"
EndProject
Project("{FAE04EC0-301F-11D3-BF4B-00C04F79EFBC}") = "WindowsFormsTestApplication", "TestApplications\WindowsFormsTestApplication\WindowsFormsTestApplication.csproj", "{24929CE3-4000-4600-8830-503BE6A2BA42}"
EndProject
Project("{FAE04EC0-301F-11D3-BF4B-00C04F79EFBC}") = "WpfTestApplication", "TestApplications\WpfTestApplication\WpfTestApplication.csproj", "{492E6340-32CC-4D03-A9C4-36FB4C40CF5C}"
EndProject
Project("{FAE04EC0-301F-11D3-BF4B-00C04F79EFBC}") = "TestStack.White.UITests", "TestStack.White.UITests\TestStack.White.UITests.csproj", "{10A51741-09F8-47CA-AB94-965EE71342F7}"
EndProject
Project("{2150E333-8FDC-42A3-9474-1A3956D46DE8}") = "Sample App", "Sample App", "{37EE7583-778A-481E-ADD4-52A357BE95F0}"
EndProject
Project("{2150E333-8FDC-42A3-9474-1A3956D46DE8}") = "Winforms", "Winforms", "{DFCF10D7-82C1-4916-A829-B520E8C65321}"
EndProject
Project("{FAE04EC0-301F-11D3-BF4B-00C04F79EFBC}") = "WinformsTodo", "Sample App\Winforms\WinformsTodo\WinformsTodo.csproj", "{D0ED95E7-584A-45B9-B8E2-1A7ADD78C366}"
EndProject
Project("{FAE04EC0-301F-11D3-BF4B-00C04F79EFBC}") = "Todo.Core", "Sample App\Todo.Core\Todo.Core.csproj", "{F5604A48-3BD0-4418-83F1-3ECC03DD2FF0}"
EndProject
Project("{2150E333-8FDC-42A3-9474-1A3956D46DE8}") = "Wpf", "Wpf", "{5620401C-0857-4F7C-869A-F3F56DF1697F}"
EndProject
Project("{FAE04EC0-301F-11D3-BF4B-00C04F79EFBC}") = "WpfTodo", "Sample App\Wpf\WpfTodo\WpfTodo.csproj", "{51509F9D-12C4-4043-A68F-16A300F38FDB}"
EndProject
Project("{FAE04EC0-301F-11D3-BF4B-00C04F79EFBC}") = "WpfTodo.UITests", "Sample App\Wpf\WpfTodo.UITests\WpfTodo.UITests.csproj", "{3CC2654B-2108-4A38-AFFF-82718703EBE3}"
EndProject
Project("{FAE04EC0-301F-11D3-BF4B-00C04F79EFBC}") = "TestSilverlightApplication", "TestApplications\TestSilverlightApplication\TestSilverlightApplication.csproj", "{EC32732F-6CB9-4078-B3A8-E3F038D5C2E1}"
EndProject
Project("{FAE04EC0-301F-11D3-BF4B-00C04F79EFBC}") = "TestSilverlightApplication.Web", "TestApplications\TestSilverlightApplication.Web\TestSilverlightApplication.Web.csproj", "{C186FEFC-D0B7-4FED-822D-688302B3B8A0}"
EndProject
Project("{FAE04EC0-301F-11D3-BF4B-00C04F79EFBC}") = "TestStack.White.Reporting", "TestStack.White.Reporting\TestStack.White.Reporting.csproj", "{19FC2A6E-1C39-4DB8-AABF-A234FD6BC3FE}"
EndProject
Project("{FAE04EC0-301F-11D3-BF4B-00C04F79EFBC}") = "TestStack.White.Repository", "TestStack.White.Repository\TestStack.White.Repository.csproj", "{FCD3E92F-FEE9-414D-A460-09F7F685B83E}"
EndProject
Project("{FAE04EC0-301F-11D3-BF4B-00C04F79EFBC}") = "TestStack.White.Repository.UITests", "TestStack.White.Repository.UITests\TestStack.White.Repository.UITests.csproj", "{168E237E-07C8-4379-8199-9FDEB6B7D402}"
EndProject
Project("{FAE04EC0-301F-11D3-BF4B-00C04F79EFBC}") = "TestStack.White.WebBrowser", "TestStack.White.WebBrowser\TestStack.White.WebBrowser.csproj", "{31F10CBC-B77C-4B58-8706-E8800FFC1D20}"
EndProject
Project("{FAE04EC0-301F-11D3-BF4B-00C04F79EFBC}") = "TestStack.White.WebBrowser.UITests", "TestStack.White.WebBrowser.UITests\TestStack.White.WebBrowser.UITests.csproj", "{FF4C5653-D6B8-4E17-82B1-E23D52F1C49F}"
EndProject
Project("{FAE04EC0-301F-11D3-BF4B-00C04F79EFBC}") = "TestStack.White.WebBrowser.UnitTests", "TestStack.White.WebBrowser.UnitTests\TestStack.White.WebBrowser.UnitTests.csproj", "{1799B721-B2C1-41DE-9DD2-650A608A1D2B}"
EndProject
Global
	GlobalSection(SolutionConfigurationPlatforms) = preSolution
		Debug|Mixed Platforms = Debug|Mixed Platforms
		Debug|x86 = Debug|x86
		Release|Mixed Platforms = Release|Mixed Platforms
		Release|x86 = Release|x86
	EndGlobalSection
	GlobalSection(ProjectConfigurationPlatforms) = postSolution
		{12C59CE2-9CF7-44F4-B27C-90754609F979}.Debug|Mixed Platforms.ActiveCfg = Debug|x86
		{12C59CE2-9CF7-44F4-B27C-90754609F979}.Debug|Mixed Platforms.Build.0 = Debug|x86
		{12C59CE2-9CF7-44F4-B27C-90754609F979}.Debug|x86.ActiveCfg = Debug|x86
		{12C59CE2-9CF7-44F4-B27C-90754609F979}.Debug|x86.Build.0 = Debug|x86
		{12C59CE2-9CF7-44F4-B27C-90754609F979}.Release|Mixed Platforms.ActiveCfg = Release|x86
		{12C59CE2-9CF7-44F4-B27C-90754609F979}.Release|Mixed Platforms.Build.0 = Release|x86
		{12C59CE2-9CF7-44F4-B27C-90754609F979}.Release|x86.ActiveCfg = Release|x86
		{12C59CE2-9CF7-44F4-B27C-90754609F979}.Release|x86.Build.0 = Release|x86
		{7C7960B2-905D-409A-8068-B010A35BA151}.Debug|Mixed Platforms.ActiveCfg = Debug|x86
		{7C7960B2-905D-409A-8068-B010A35BA151}.Debug|Mixed Platforms.Build.0 = Debug|x86
		{7C7960B2-905D-409A-8068-B010A35BA151}.Debug|x86.ActiveCfg = Debug|x86
		{7C7960B2-905D-409A-8068-B010A35BA151}.Debug|x86.Build.0 = Debug|x86
		{7C7960B2-905D-409A-8068-B010A35BA151}.Release|Mixed Platforms.ActiveCfg = Release|x86
		{7C7960B2-905D-409A-8068-B010A35BA151}.Release|Mixed Platforms.Build.0 = Release|x86
		{7C7960B2-905D-409A-8068-B010A35BA151}.Release|x86.ActiveCfg = Release|x86
		{7C7960B2-905D-409A-8068-B010A35BA151}.Release|x86.Build.0 = Release|x86
		{BDD325EF-D400-4A37-B4C6-D7BF150587C7}.Debug|Mixed Platforms.ActiveCfg = Debug|x86
		{BDD325EF-D400-4A37-B4C6-D7BF150587C7}.Debug|Mixed Platforms.Build.0 = Debug|x86
		{BDD325EF-D400-4A37-B4C6-D7BF150587C7}.Debug|x86.ActiveCfg = Debug|x86
		{BDD325EF-D400-4A37-B4C6-D7BF150587C7}.Debug|x86.Build.0 = Debug|x86
		{BDD325EF-D400-4A37-B4C6-D7BF150587C7}.Release|Mixed Platforms.ActiveCfg = Release|x86
		{BDD325EF-D400-4A37-B4C6-D7BF150587C7}.Release|Mixed Platforms.Build.0 = Release|x86
		{BDD325EF-D400-4A37-B4C6-D7BF150587C7}.Release|x86.ActiveCfg = Release|x86
		{BDD325EF-D400-4A37-B4C6-D7BF150587C7}.Release|x86.Build.0 = Release|x86
		{EAC2EAA3-9C17-4F59-BC5B-89C2601D38AC}.Debug|Mixed Platforms.ActiveCfg = Debug|x86
		{EAC2EAA3-9C17-4F59-BC5B-89C2601D38AC}.Debug|Mixed Platforms.Build.0 = Debug|x86
		{EAC2EAA3-9C17-4F59-BC5B-89C2601D38AC}.Debug|x86.ActiveCfg = Debug|x86
		{EAC2EAA3-9C17-4F59-BC5B-89C2601D38AC}.Debug|x86.Build.0 = Debug|x86
		{EAC2EAA3-9C17-4F59-BC5B-89C2601D38AC}.Release|Mixed Platforms.ActiveCfg = Release|x86
		{EAC2EAA3-9C17-4F59-BC5B-89C2601D38AC}.Release|Mixed Platforms.Build.0 = Release|x86
		{EAC2EAA3-9C17-4F59-BC5B-89C2601D38AC}.Release|x86.ActiveCfg = Release|x86
		{EAC2EAA3-9C17-4F59-BC5B-89C2601D38AC}.Release|x86.Build.0 = Release|x86
		{24929CE3-4000-4600-8830-503BE6A2BA42}.Debug|Mixed Platforms.ActiveCfg = Debug|x86
		{24929CE3-4000-4600-8830-503BE6A2BA42}.Debug|Mixed Platforms.Build.0 = Debug|x86
		{24929CE3-4000-4600-8830-503BE6A2BA42}.Debug|x86.ActiveCfg = Debug|x86
		{24929CE3-4000-4600-8830-503BE6A2BA42}.Debug|x86.Build.0 = Debug|x86
		{24929CE3-4000-4600-8830-503BE6A2BA42}.Release|Mixed Platforms.ActiveCfg = Release|x86
		{24929CE3-4000-4600-8830-503BE6A2BA42}.Release|Mixed Platforms.Build.0 = Release|x86
		{24929CE3-4000-4600-8830-503BE6A2BA42}.Release|x86.ActiveCfg = Release|x86
		{24929CE3-4000-4600-8830-503BE6A2BA42}.Release|x86.Build.0 = Release|x86
		{492E6340-32CC-4D03-A9C4-36FB4C40CF5C}.Debug|Mixed Platforms.ActiveCfg = Debug|x86
		{492E6340-32CC-4D03-A9C4-36FB4C40CF5C}.Debug|Mixed Platforms.Build.0 = Debug|x86
		{492E6340-32CC-4D03-A9C4-36FB4C40CF5C}.Debug|x86.ActiveCfg = Debug|x86
		{492E6340-32CC-4D03-A9C4-36FB4C40CF5C}.Debug|x86.Build.0 = Debug|x86
		{492E6340-32CC-4D03-A9C4-36FB4C40CF5C}.Release|Mixed Platforms.ActiveCfg = Release|x86
		{492E6340-32CC-4D03-A9C4-36FB4C40CF5C}.Release|Mixed Platforms.Build.0 = Release|x86
		{492E6340-32CC-4D03-A9C4-36FB4C40CF5C}.Release|x86.ActiveCfg = Release|x86
		{492E6340-32CC-4D03-A9C4-36FB4C40CF5C}.Release|x86.Build.0 = Release|x86
		{10A51741-09F8-47CA-AB94-965EE71342F7}.Debug|Mixed Platforms.ActiveCfg = Debug|x86
		{10A51741-09F8-47CA-AB94-965EE71342F7}.Debug|Mixed Platforms.Build.0 = Debug|x86
		{10A51741-09F8-47CA-AB94-965EE71342F7}.Debug|x86.ActiveCfg = Debug|x86
		{10A51741-09F8-47CA-AB94-965EE71342F7}.Debug|x86.Build.0 = Debug|x86
		{10A51741-09F8-47CA-AB94-965EE71342F7}.Release|Mixed Platforms.ActiveCfg = Release|x86
		{10A51741-09F8-47CA-AB94-965EE71342F7}.Release|Mixed Platforms.Build.0 = Release|x86
		{10A51741-09F8-47CA-AB94-965EE71342F7}.Release|x86.ActiveCfg = Release|x86
		{10A51741-09F8-47CA-AB94-965EE71342F7}.Release|x86.Build.0 = Release|x86
		{D0ED95E7-584A-45B9-B8E2-1A7ADD78C366}.Debug|Mixed Platforms.ActiveCfg = Debug|x86
		{D0ED95E7-584A-45B9-B8E2-1A7ADD78C366}.Debug|Mixed Platforms.Build.0 = Debug|x86
		{D0ED95E7-584A-45B9-B8E2-1A7ADD78C366}.Debug|x86.ActiveCfg = Debug|x86
		{D0ED95E7-584A-45B9-B8E2-1A7ADD78C366}.Debug|x86.Build.0 = Debug|x86
		{D0ED95E7-584A-45B9-B8E2-1A7ADD78C366}.Release|Mixed Platforms.ActiveCfg = Release|x86
		{D0ED95E7-584A-45B9-B8E2-1A7ADD78C366}.Release|Mixed Platforms.Build.0 = Release|x86
		{D0ED95E7-584A-45B9-B8E2-1A7ADD78C366}.Release|x86.ActiveCfg = Release|x86
		{D0ED95E7-584A-45B9-B8E2-1A7ADD78C366}.Release|x86.Build.0 = Release|x86
		{F5604A48-3BD0-4418-83F1-3ECC03DD2FF0}.Debug|Mixed Platforms.ActiveCfg = Debug|x86
		{F5604A48-3BD0-4418-83F1-3ECC03DD2FF0}.Debug|Mixed Platforms.Build.0 = Debug|x86
		{F5604A48-3BD0-4418-83F1-3ECC03DD2FF0}.Debug|x86.ActiveCfg = Debug|x86
		{F5604A48-3BD0-4418-83F1-3ECC03DD2FF0}.Debug|x86.Build.0 = Debug|x86
		{F5604A48-3BD0-4418-83F1-3ECC03DD2FF0}.Release|Mixed Platforms.ActiveCfg = Release|x86
		{F5604A48-3BD0-4418-83F1-3ECC03DD2FF0}.Release|Mixed Platforms.Build.0 = Release|x86
		{F5604A48-3BD0-4418-83F1-3ECC03DD2FF0}.Release|x86.ActiveCfg = Release|x86
		{F5604A48-3BD0-4418-83F1-3ECC03DD2FF0}.Release|x86.Build.0 = Release|x86
		{51509F9D-12C4-4043-A68F-16A300F38FDB}.Debug|Mixed Platforms.ActiveCfg = Debug|x86
		{51509F9D-12C4-4043-A68F-16A300F38FDB}.Debug|Mixed Platforms.Build.0 = Debug|x86
		{51509F9D-12C4-4043-A68F-16A300F38FDB}.Debug|x86.ActiveCfg = Debug|x86
		{51509F9D-12C4-4043-A68F-16A300F38FDB}.Debug|x86.Build.0 = Debug|x86
		{51509F9D-12C4-4043-A68F-16A300F38FDB}.Release|Mixed Platforms.ActiveCfg = Release|x86
		{51509F9D-12C4-4043-A68F-16A300F38FDB}.Release|Mixed Platforms.Build.0 = Release|x86
		{51509F9D-12C4-4043-A68F-16A300F38FDB}.Release|x86.ActiveCfg = Release|x86
		{51509F9D-12C4-4043-A68F-16A300F38FDB}.Release|x86.Build.0 = Release|x86
		{3CC2654B-2108-4A38-AFFF-82718703EBE3}.Debug|Mixed Platforms.ActiveCfg = Debug|x86
		{3CC2654B-2108-4A38-AFFF-82718703EBE3}.Debug|Mixed Platforms.Build.0 = Debug|x86
		{3CC2654B-2108-4A38-AFFF-82718703EBE3}.Debug|x86.ActiveCfg = Debug|x86
		{3CC2654B-2108-4A38-AFFF-82718703EBE3}.Debug|x86.Build.0 = Debug|x86
		{3CC2654B-2108-4A38-AFFF-82718703EBE3}.Release|Mixed Platforms.ActiveCfg = Release|x86
		{3CC2654B-2108-4A38-AFFF-82718703EBE3}.Release|Mixed Platforms.Build.0 = Release|x86
		{3CC2654B-2108-4A38-AFFF-82718703EBE3}.Release|x86.ActiveCfg = Release|x86
		{3CC2654B-2108-4A38-AFFF-82718703EBE3}.Release|x86.Build.0 = Release|x86
		{EC32732F-6CB9-4078-B3A8-E3F038D5C2E1}.Debug|Mixed Platforms.ActiveCfg = Debug|Any CPU
		{EC32732F-6CB9-4078-B3A8-E3F038D5C2E1}.Debug|Mixed Platforms.Build.0 = Debug|Any CPU
		{EC32732F-6CB9-4078-B3A8-E3F038D5C2E1}.Debug|x86.ActiveCfg = Debug|Any CPU
		{EC32732F-6CB9-4078-B3A8-E3F038D5C2E1}.Debug|x86.Build.0 = Debug|Any CPU
		{EC32732F-6CB9-4078-B3A8-E3F038D5C2E1}.Release|Mixed Platforms.ActiveCfg = Release|Any CPU
		{EC32732F-6CB9-4078-B3A8-E3F038D5C2E1}.Release|Mixed Platforms.Build.0 = Release|Any CPU
		{EC32732F-6CB9-4078-B3A8-E3F038D5C2E1}.Release|x86.ActiveCfg = Release|Any CPU
		{EC32732F-6CB9-4078-B3A8-E3F038D5C2E1}.Release|x86.Build.0 = Release|Any CPU
		{C186FEFC-D0B7-4FED-822D-688302B3B8A0}.Debug|Mixed Platforms.ActiveCfg = Debug|Any CPU
		{C186FEFC-D0B7-4FED-822D-688302B3B8A0}.Debug|Mixed Platforms.Build.0 = Debug|Any CPU
		{C186FEFC-D0B7-4FED-822D-688302B3B8A0}.Debug|x86.ActiveCfg = Debug|Any CPU
		{C186FEFC-D0B7-4FED-822D-688302B3B8A0}.Debug|x86.Build.0 = Debug|Any CPU
		{C186FEFC-D0B7-4FED-822D-688302B3B8A0}.Release|Mixed Platforms.ActiveCfg = Release|Any CPU
		{C186FEFC-D0B7-4FED-822D-688302B3B8A0}.Release|Mixed Platforms.Build.0 = Release|Any CPU
		{C186FEFC-D0B7-4FED-822D-688302B3B8A0}.Release|x86.ActiveCfg = Release|Any CPU
		{C186FEFC-D0B7-4FED-822D-688302B3B8A0}.Release|x86.Build.0 = Release|Any CPU
		{19FC2A6E-1C39-4DB8-AABF-A234FD6BC3FE}.Debug|Mixed Platforms.ActiveCfg = Debug|x86
		{19FC2A6E-1C39-4DB8-AABF-A234FD6BC3FE}.Debug|Mixed Platforms.Build.0 = Debug|x86
		{19FC2A6E-1C39-4DB8-AABF-A234FD6BC3FE}.Debug|x86.ActiveCfg = Debug|x86
		{19FC2A6E-1C39-4DB8-AABF-A234FD6BC3FE}.Debug|x86.Build.0 = Debug|x86
		{19FC2A6E-1C39-4DB8-AABF-A234FD6BC3FE}.Release|Mixed Platforms.ActiveCfg = Release|x86
		{19FC2A6E-1C39-4DB8-AABF-A234FD6BC3FE}.Release|Mixed Platforms.Build.0 = Release|x86
		{19FC2A6E-1C39-4DB8-AABF-A234FD6BC3FE}.Release|x86.ActiveCfg = Release|x86
		{19FC2A6E-1C39-4DB8-AABF-A234FD6BC3FE}.Release|x86.Build.0 = Release|x86
		{FCD3E92F-FEE9-414D-A460-09F7F685B83E}.Debug|Mixed Platforms.ActiveCfg = Debug|x86
		{FCD3E92F-FEE9-414D-A460-09F7F685B83E}.Debug|Mixed Platforms.Build.0 = Debug|x86
		{FCD3E92F-FEE9-414D-A460-09F7F685B83E}.Debug|x86.ActiveCfg = Debug|x86
		{FCD3E92F-FEE9-414D-A460-09F7F685B83E}.Debug|x86.Build.0 = Debug|x86
		{FCD3E92F-FEE9-414D-A460-09F7F685B83E}.Release|Mixed Platforms.ActiveCfg = Release|x86
		{FCD3E92F-FEE9-414D-A460-09F7F685B83E}.Release|Mixed Platforms.Build.0 = Release|x86
		{FCD3E92F-FEE9-414D-A460-09F7F685B83E}.Release|x86.ActiveCfg = Release|x86
		{FCD3E92F-FEE9-414D-A460-09F7F685B83E}.Release|x86.Build.0 = Release|x86
		{168E237E-07C8-4379-8199-9FDEB6B7D402}.Debug|Mixed Platforms.ActiveCfg = Debug|x86
		{168E237E-07C8-4379-8199-9FDEB6B7D402}.Debug|Mixed Platforms.Build.0 = Debug|x86
		{168E237E-07C8-4379-8199-9FDEB6B7D402}.Debug|x86.ActiveCfg = Debug|x86
		{168E237E-07C8-4379-8199-9FDEB6B7D402}.Debug|x86.Build.0 = Debug|x86
		{168E237E-07C8-4379-8199-9FDEB6B7D402}.Release|Mixed Platforms.ActiveCfg = Release|x86
		{168E237E-07C8-4379-8199-9FDEB6B7D402}.Release|Mixed Platforms.Build.0 = Release|x86
		{168E237E-07C8-4379-8199-9FDEB6B7D402}.Release|x86.ActiveCfg = Release|x86
		{168E237E-07C8-4379-8199-9FDEB6B7D402}.Release|x86.Build.0 = Release|x86
		{31F10CBC-B77C-4B58-8706-E8800FFC1D20}.Debug|Mixed Platforms.ActiveCfg = Debug|x86
		{31F10CBC-B77C-4B58-8706-E8800FFC1D20}.Debug|Mixed Platforms.Build.0 = Debug|x86
		{31F10CBC-B77C-4B58-8706-E8800FFC1D20}.Debug|x86.ActiveCfg = Debug|x86
		{31F10CBC-B77C-4B58-8706-E8800FFC1D20}.Debug|x86.Build.0 = Debug|x86
		{31F10CBC-B77C-4B58-8706-E8800FFC1D20}.Release|Mixed Platforms.ActiveCfg = Release|x86
		{31F10CBC-B77C-4B58-8706-E8800FFC1D20}.Release|Mixed Platforms.Build.0 = Release|x86
		{31F10CBC-B77C-4B58-8706-E8800FFC1D20}.Release|x86.ActiveCfg = Release|x86
		{31F10CBC-B77C-4B58-8706-E8800FFC1D20}.Release|x86.Build.0 = Release|x86
		{FF4C5653-D6B8-4E17-82B1-E23D52F1C49F}.Debug|Mixed Platforms.ActiveCfg = Debug|x86
		{FF4C5653-D6B8-4E17-82B1-E23D52F1C49F}.Debug|Mixed Platforms.Build.0 = Debug|x86
		{FF4C5653-D6B8-4E17-82B1-E23D52F1C49F}.Debug|x86.ActiveCfg = Debug|x86
		{FF4C5653-D6B8-4E17-82B1-E23D52F1C49F}.Debug|x86.Build.0 = Debug|x86
		{FF4C5653-D6B8-4E17-82B1-E23D52F1C49F}.Release|Mixed Platforms.ActiveCfg = Release|x86
		{FF4C5653-D6B8-4E17-82B1-E23D52F1C49F}.Release|Mixed Platforms.Build.0 = Release|x86
		{FF4C5653-D6B8-4E17-82B1-E23D52F1C49F}.Release|x86.ActiveCfg = Release|x86
		{FF4C5653-D6B8-4E17-82B1-E23D52F1C49F}.Release|x86.Build.0 = Release|x86
		{1799B721-B2C1-41DE-9DD2-650A608A1D2B}.Debug|Mixed Platforms.ActiveCfg = Debug|x86
		{1799B721-B2C1-41DE-9DD2-650A608A1D2B}.Debug|Mixed Platforms.Build.0 = Debug|x86
		{1799B721-B2C1-41DE-9DD2-650A608A1D2B}.Debug|x86.ActiveCfg = Debug|x86
		{1799B721-B2C1-41DE-9DD2-650A608A1D2B}.Debug|x86.Build.0 = Debug|x86
		{1799B721-B2C1-41DE-9DD2-650A608A1D2B}.Release|Mixed Platforms.ActiveCfg = Release|x86
		{1799B721-B2C1-41DE-9DD2-650A608A1D2B}.Release|Mixed Platforms.Build.0 = Release|x86
		{1799B721-B2C1-41DE-9DD2-650A608A1D2B}.Release|x86.ActiveCfg = Release|x86
		{1799B721-B2C1-41DE-9DD2-650A608A1D2B}.Release|x86.Build.0 = Release|x86
	EndGlobalSection
	GlobalSection(SolutionProperties) = preSolution
		HideSolutionNode = FALSE
	EndGlobalSection
	GlobalSection(NestedProjects) = preSolution
		{BDD325EF-D400-4A37-B4C6-D7BF150587C7} = {1AF6AEE7-C9D5-4B05-BEFE-AB61D83667D4}
		{EAC2EAA3-9C17-4F59-BC5B-89C2601D38AC} = {1AF6AEE7-C9D5-4B05-BEFE-AB61D83667D4}
		{24929CE3-4000-4600-8830-503BE6A2BA42} = {1AF6AEE7-C9D5-4B05-BEFE-AB61D83667D4}
		{492E6340-32CC-4D03-A9C4-36FB4C40CF5C} = {1AF6AEE7-C9D5-4B05-BEFE-AB61D83667D4}
		{EC32732F-6CB9-4078-B3A8-E3F038D5C2E1} = {1AF6AEE7-C9D5-4B05-BEFE-AB61D83667D4}
		{C186FEFC-D0B7-4FED-822D-688302B3B8A0} = {1AF6AEE7-C9D5-4B05-BEFE-AB61D83667D4}
		{DFCF10D7-82C1-4916-A829-B520E8C65321} = {37EE7583-778A-481E-ADD4-52A357BE95F0}
		{F5604A48-3BD0-4418-83F1-3ECC03DD2FF0} = {37EE7583-778A-481E-ADD4-52A357BE95F0}
		{5620401C-0857-4F7C-869A-F3F56DF1697F} = {37EE7583-778A-481E-ADD4-52A357BE95F0}
		{D0ED95E7-584A-45B9-B8E2-1A7ADD78C366} = {DFCF10D7-82C1-4916-A829-B520E8C65321}
		{51509F9D-12C4-4043-A68F-16A300F38FDB} = {5620401C-0857-4F7C-869A-F3F56DF1697F}
		{3CC2654B-2108-4A38-AFFF-82718703EBE3} = {5620401C-0857-4F7C-869A-F3F56DF1697F}
	EndGlobalSection
EndGlobal
